PODS:
  - KeyboardKit (2.6.0)
  - ShimmerSwift (2.1.1)

DEPENDENCIES:
  - KeyboardKit
  - ShimmerSwift

SPEC REPOS:
  trunk:
    - KeyboardKit
    - ShimmerSwift

SPEC CHECKSUMS:
  KeyboardKit: 66fd5dcd26780f8b2e6ebac7bc0cfd31e58ea182
  ShimmerSwift: f7ed2daf9c246de8299dfd9e12c6ab465cba9842

PODFILE CHECKSUM: bbca313afe74403719d7f6e86aac9294ff0d83bb

COCOAPODS: 1.8.4
