// !$*UTF8*$!
{
	archiveVersion = 1;
	classes = {
	};
	objectVersion = 51;
	objects = {

/* Begin PBXBuildFile section */
		3562061EB11B795ED6AE9FF2 /* Pods_MyKeyboard.framework in Frameworks */ = {isa = PBXBuildFile; fileRef = 4B709CB8BB8889A95822DDA5 /* Pods_MyKeyboard.framework */; };
		3BD4F045B96CF1BF34EDDAC6 /* Pods_MyFonts.framework in Frameworks */ = {isa = PBXBuildFile; fileRef = AEB3330C9E2569E89C854A18 /* Pods_MyFonts.framework */; };
		8F0BC92923EB01C600946BA1 /* AppReviewManager.swift in Sources */ = {isa = PBXBuildFile; fileRef = 8F0BC92823EB01C600946BA1 /* AppReviewManager.swift */; };
		8F0BC92A23EB01C600946BA1 /* AppReviewManager.swift in Sources */ = {isa = PBXBuildFile; fileRef = 8F0BC92823EB01C600946BA1 /* AppReviewManager.swift */; };
		8F111DF223E2B75500EA9277 /* ShowroomViewController.swift in Sources */ = {isa = PBXBuildFile; fileRef = 8F111DF123E2B75500EA9277 /* ShowroomViewController.swift */; };
		8F111DF423E2B84200EA9277 /* ShowroomCell.swift in Sources */ = {isa = PBXBuildFile; fileRef = 8F111DF323E2B84200EA9277 /* ShowroomCell.swift */; };
		8F111DF623E2C85700EA9277 /* Constants.swift in Sources */ = {isa = PBXBuildFile; fileRef = 8F111DF523E2C85700EA9277 /* Constants.swift */; };
		8F111DF823E2C89100EA9277 /* Extensions.swift in Sources */ = {isa = PBXBuildFile; fileRef = 8F111DF723E2C89100EA9277 /* Extensions.swift */; };
		8F111DF923E2CE5B00EA9277 /* Constants.swift in Sources */ = {isa = PBXBuildFile; fileRef = 8F111DF523E2C85700EA9277 /* Constants.swift */; };
		8F111DFA23E2CE7200EA9277 /* Extensions.swift in Sources */ = {isa = PBXBuildFile; fileRef = 8F111DF723E2C89100EA9277 /* Extensions.swift */; };
		8F1672BD2409311400F52B99 /* SubscribeButton.swift in Sources */ = {isa = PBXBuildFile; fileRef = 8F1672BC2409311400F52B99 /* SubscribeButton.swift */; };
		8F3BD9F023D878A500DE541C /* AppDelegate.swift in Sources */ = {isa = PBXBuildFile; fileRef = 8F3BD9EF23D878A500DE541C /* AppDelegate.swift */; };
		8F3BD9F423D878A500DE541C /* ViewController.swift in Sources */ = {isa = PBXBuildFile; fileRef = 8F3BD9F323D878A500DE541C /* ViewController.swift */; };
		8F3BD9F723D878A500DE541C /* Main.storyboard in Resources */ = {isa = PBXBuildFile; fileRef = 8F3BD9F523D878A500DE541C /* Main.storyboard */; };
		8F3BD9F923D878A600DE541C /* Assets.xcassets in Resources */ = {isa = PBXBuildFile; fileRef = 8F3BD9F823D878A600DE541C /* Assets.xcassets */; };
		8F3BD9FC23D878A600DE541C /* LaunchScreen.storyboard in Resources */ = {isa = PBXBuildFile; fileRef = 8F3BD9FA23D878A600DE541C /* LaunchScreen.storyboard */; };
		8F3BDA0A23D878C800DE541C /* KeyboardViewController.swift in Sources */ = {isa = PBXBuildFile; fileRef = 8F3BDA0923D878C800DE541C /* KeyboardViewController.swift */; };
		8F3BDA0E23D878C800DE541C /* Fancy Fonts.appex in Embed App Extensions */ = {isa = PBXBuildFile; fileRef = 8F3BDA0723D878C800DE541C /* Fancy Fonts.appex */; settings = {ATTRIBUTES = (RemoveHeadersOnCopy, ); }; };
		8F406FFD23E2EAAF00A83874 /* SubscribeModel.swift in Sources */ = {isa = PBXBuildFile; fileRef = 8F406FFC23E2EAAF00A83874 /* SubscribeModel.swift */; };
		8F40700223E2F83D00A83874 /* PersistencyManager.swift in Sources */ = {isa = PBXBuildFile; fileRef = 8F40700123E2F83D00A83874 /* PersistencyManager.swift */; };
		8F40700323E2F83D00A83874 /* PersistencyManager.swift in Sources */ = {isa = PBXBuildFile; fileRef = 8F40700123E2F83D00A83874 /* PersistencyManager.swift */; };
		8F454BBA23D87A4800E4B696 /* DemoKeyboardActionHandler.swift in Sources */ = {isa = PBXBuildFile; fileRef = 8F454BB923D87A4800E4B696 /* DemoKeyboardActionHandler.swift */; };
		8F454BBC23D87A6600E4B696 /* KeyboardViewController+Setup.swift in Sources */ = {isa = PBXBuildFile; fileRef = 8F454BBB23D87A6600E4B696 /* KeyboardViewController+Setup.swift */; };
		8F454BBE23D87A9D00E4B696 /* KeyboardManager.swift in Sources */ = {isa = PBXBuildFile; fileRef = 8F454BBD23D87A9D00E4B696 /* KeyboardManager.swift */; };
		8F454BC023D87B4F00E4B696 /* AlphabeticKeyboard.swift in Sources */ = {isa = PBXBuildFile; fileRef = 8F454BBF23D87B4F00E4B696 /* AlphabeticKeyboard.swift */; };
		8F454BC223D87B8000E4B696 /* KeyboardViewController+Buttons.swift in Sources */ = {isa = PBXBuildFile; fileRef = 8F454BC123D87B8000E4B696 /* KeyboardViewController+Buttons.swift */; };
		8F454BC423D87B9400E4B696 /* NumericKeyboard.swift in Sources */ = {isa = PBXBuildFile; fileRef = 8F454BC323D87B9400E4B696 /* NumericKeyboard.swift */; };
		8F454BC623D87BA400E4B696 /* SymbolicKeyboard.swift in Sources */ = {isa = PBXBuildFile; fileRef = 8F454BC523D87BA400E4B696 /* SymbolicKeyboard.swift */; };
		8F454BC823D87BBD00E4B696 /* DemoKeyboard.swift in Sources */ = {isa = PBXBuildFile; fileRef = 8F454BC723D87BBC00E4B696 /* DemoKeyboard.swift */; };
		8F454BCD23D87C1100E4B696 /* DemoButton.swift in Sources */ = {isa = PBXBuildFile; fileRef = 8F454BCA23D87C1100E4B696 /* DemoButton.swift */; };
		8F454BCE23D87C1100E4B696 /* DemoButton.xib in Resources */ = {isa = PBXBuildFile; fileRef = 8F454BCB23D87C1100E4B696 /* DemoButton.xib */; };
		8F454BCF23D87C1100E4B696 /* DemoAutocompleteLabel.swift in Sources */ = {isa = PBXBuildFile; fileRef = 8F454BCC23D87C1100E4B696 /* DemoAutocompleteLabel.swift */; };
		8F454BD123D87C3C00E4B696 /* Assets.swift in Sources */ = {isa = PBXBuildFile; fileRef = 8F454BD023D87C3C00E4B696 /* Assets.swift */; };
		8F454BD223D87C5300E4B696 /* Assets.swift in Sources */ = {isa = PBXBuildFile; fileRef = 8F454BD023D87C3C00E4B696 /* Assets.swift */; };
		8F454BD523D87F7300E4B696 /* Images.xcassets in Resources */ = {isa = PBXBuildFile; fileRef = 8F454BD323D87F7300E4B696 /* Images.xcassets */; };
		8F454BD623D87F7300E4B696 /* Images.xcassets in Resources */ = {isa = PBXBuildFile; fileRef = 8F454BD323D87F7300E4B696 /* Images.xcassets */; };
		8F454BD723D87F7300E4B696 /* Colors.xcassets in Resources */ = {isa = PBXBuildFile; fileRef = 8F454BD423D87F7300E4B696 /* Colors.xcassets */; };
		8F454BD823D87F7300E4B696 /* Colors.xcassets in Resources */ = {isa = PBXBuildFile; fileRef = 8F454BD423D87F7300E4B696 /* Colors.xcassets */; };
		8F454BDC23D883B200E4B696 /* FontKeyoboardModel.swift in Sources */ = {isa = PBXBuildFile; fileRef = 8F454BDB23D883B200E4B696 /* FontKeyoboardModel.swift */; };
		8F454BDD23D883B200E4B696 /* FontKeyoboardModel.swift in Sources */ = {isa = PBXBuildFile; fileRef = 8F454BDB23D883B200E4B696 /* FontKeyoboardModel.swift */; };
		8F5442822409299D00C48EA4 /* Localizable.strings in Resources */ = {isa = PBXBuildFile; fileRef = 8F78AF9023EB3467002AE831 /* Localizable.strings */; };
		8F7648C823DAD41F00C25DDF /* UserFontModel.swift in Sources */ = {isa = PBXBuildFile; fileRef = 8F7648C723DAD41F00C25DDF /* UserFontModel.swift */; };
		8F7648CA23DADCBA00C25DDF /* UserFontsViewController.swift in Sources */ = {isa = PBXBuildFile; fileRef = 8F7648C923DADCBA00C25DDF /* UserFontsViewController.swift */; };
		8F7648CC23DAE35A00C25DDF /* UserFontCell.swift in Sources */ = {isa = PBXBuildFile; fileRef = 8F7648CB23DAE35A00C25DDF /* UserFontCell.swift */; };
		8F78AF8E23EB3467002AE831 /* Localizable.strings in Resources */ = {isa = PBXBuildFile; fileRef = 8F78AF9023EB3467002AE831 /* Localizable.strings */; };
		8F78AF9323EB3F6F002AE831 /* offerCell.swift in Sources */ = {isa = PBXBuildFile; fileRef = 8F78AF9223EB3F6F002AE831 /* offerCell.swift */; };
		8F7B997123D9B90F0093C072 /* SubscribeButton.xib in Resources */ = {isa = PBXBuildFile; fileRef = 8F7B997023D9B90F0093C072 /* SubscribeButton.xib */; };
		8F929F7923E17C33006417DF /* EmojiKeyboard.swift in Sources */ = {isa = PBXBuildFile; fileRef = 8F929F7823E17C33006417DF /* EmojiKeyboard.swift */; };
		8F9E229723E99E0100842E99 /* StoreKit.framework in Frameworks */ = {isa = PBXBuildFile; fileRef = 8F9E229623E99E0100842E99 /* StoreKit.framework */; };
		8FC3611B23E97478006EF455 /* InAppPurchase.swift in Sources */ = {isa = PBXBuildFile; fileRef = 8FC3611623E97478006EF455 /* InAppPurchase.swift */; };
		8FC3611C23E97478006EF455 /* DocumentSerializable.swift in Sources */ = {isa = PBXBuildFile; fileRef = 8FC3611723E97478006EF455 /* DocumentSerializable.swift */; };
		8FC3611D23E97478006EF455 /* RebeloperStore.swift in Sources */ = {isa = PBXBuildFile; fileRef = 8FC3611823E97478006EF455 /* RebeloperStore.swift */; };
		8FC3611E23E97478006EF455 /* RegisteredPurchase.swift in Sources */ = {isa = PBXBuildFile; fileRef = 8FC3611923E97478006EF455 /* RegisteredPurchase.swift */; };
		8FC3611F23E97478006EF455 /* RebeloperStoreSetup.swift in Sources */ = {isa = PBXBuildFile; fileRef = 8FC3611A23E97478006EF455 /* RebeloperStoreSetup.swift */; };
		8FD6231423F9206300AC4297 /* NumericKeyboardFix.swift in Sources */ = {isa = PBXBuildFile; fileRef = 8FD6231323F9206300AC4297 /* NumericKeyboardFix.swift */; };
		8FE04FC923DEDBA10046F477 /* DevicyType.swift in Sources */ = {isa = PBXBuildFile; fileRef = 8FE04FC823DEDBA10046F477 /* DevicyType.swift */; };
		8FE04FCA23DEDC420046F477 /* DevicyType.swift in Sources */ = {isa = PBXBuildFile; fileRef = 8FE04FC823DEDBA10046F477 /* DevicyType.swift */; };
		8FE04FCC23DF21A10046F477 /* SuccessViewController.swift in Sources */ = {isa = PBXBuildFile; fileRef = 8FE04FCB23DF21A10046F477 /* SuccessViewController.swift */; };
		8FE22F9B23FAEB8500B651D8 /* ShowroomModel.swift in Sources */ = {isa = PBXBuildFile; fileRef = 8FE22F9A23FAEB8500B651D8 /* ShowroomModel.swift */; };
		8FEDA77223D9C64C00DF127D /* SubscribeViewController.swift in Sources */ = {isa = PBXBuildFile; fileRef = 8FEDA77123D9C64C00DF127D /* SubscribeViewController.swift */; };
		8FF0081423D9D231002B5D8A /* gif1.gif in Resources */ = {isa = PBXBuildFile; fileRef = 8FF0081123D9D230002B5D8A /* gif1.gif */; };
		8FF0081523D9D231002B5D8A /* gif2.gif in Resources */ = {isa = PBXBuildFile; fileRef = 8FF0081223D9D230002B5D8A /* gif2.gif */; };
		8FF0081623D9D231002B5D8A /* gif0.gif in Resources */ = {isa = PBXBuildFile; fileRef = 8FF0081323D9D231002B5D8A /* gif0.gif */; };
		8FF0081823D9D25F002B5D8A /* SubscribeCell.swift in Sources */ = {isa = PBXBuildFile; fileRef = 8FF0081723D9D25F002B5D8A /* SubscribeCell.swift */; };
		8FF190CE23E9730F0059AD3C /* RebeloperStorePro.swift in Sources */ = {isa = PBXBuildFile; fileRef = 8FF190C823E9730E0059AD3C /* RebeloperStorePro.swift */; };
		8FF190D123E9730F0059AD3C /* OSStatus+.swift in Sources */ = {isa = PBXBuildFile; fileRef = 8FF190CB23E9730F0059AD3C /* OSStatus+.swift */; };
/* End PBXBuildFile section */

/* Begin PBXContainerItemProxy section */
		8F3BDA0C23D878C800DE541C /* PBXContainerItemProxy */ = {
			isa = PBXContainerItemProxy;
			containerPortal = 8F3BD9E423D878A500DE541C /* Project object */;
			proxyType = 1;
			remoteGlobalIDString = 8F3BDA0623D878C800DE541C;
			remoteInfo = MyKeyboard;
		};
/* End PBXContainerItemProxy section */

/* Begin PBXCopyFilesBuildPhase section */
		8F3BDA1223D878C800DE541C /* Embed App Extensions */ = {
			isa = PBXCopyFilesBuildPhase;
			buildActionMask = 2147483647;
			dstPath = "";
			dstSubfolderSpec = 13;
			files = (
				8F3BDA0E23D878C800DE541C /* Fancy Fonts.appex in Embed App Extensions */,
			);
			name = "Embed App Extensions";
			runOnlyForDeploymentPostprocessing = 0;
		};
/* End PBXCopyFilesBuildPhase section */

/* Begin PBXFileReference section */
		49F43F5C1F6432AFCF71415D /* Pods-MyFonts.debug.xcconfig */ = {isa = PBXFileReference; includeInIndex = 1; lastKnownFileType = text.xcconfig; name = "Pods-MyFonts.debug.xcconfig"; path = "Target Support Files/Pods-MyFonts/Pods-MyFonts.debug.xcconfig"; sourceTree = "<group>"; };
		4B709CB8BB8889A95822DDA5 /* Pods_MyKeyboard.framework */ = {isa = PBXFileReference; explicitFileType = wrapper.framework; includeInIndex = 0; path = Pods_MyKeyboard.framework; sourceTree = BUILT_PRODUCTS_DIR; };
		5DFA6F933E8F89B9482B3FD6 /* Pods-MyFonts.release.xcconfig */ = {isa = PBXFileReference; includeInIndex = 1; lastKnownFileType = text.xcconfig; name = "Pods-MyFonts.release.xcconfig"; path = "Target Support Files/Pods-MyFonts/Pods-MyFonts.release.xcconfig"; sourceTree = "<group>"; };
		7B4D7CBB3AD348DA5F1DA78E /* Pods-MyKeyboard.release.xcconfig */ = {isa = PBXFileReference; includeInIndex = 1; lastKnownFileType = text.xcconfig; name = "Pods-MyKeyboard.release.xcconfig"; path = "Target Support Files/Pods-MyKeyboard/Pods-MyKeyboard.release.xcconfig"; sourceTree = "<group>"; };
		8F0BC92823EB01C600946BA1 /* AppReviewManager.swift */ = {isa = PBXFileReference; lastKnownFileType = sourcecode.swift; path = AppReviewManager.swift; sourceTree = "<group>"; };
		8F111DF123E2B75500EA9277 /* ShowroomViewController.swift */ = {isa = PBXFileReference; lastKnownFileType = sourcecode.swift; path = ShowroomViewController.swift; sourceTree = "<group>"; };
		8F111DF323E2B84200EA9277 /* ShowroomCell.swift */ = {isa = PBXFileReference; lastKnownFileType = sourcecode.swift; path = ShowroomCell.swift; sourceTree = "<group>"; };
		8F111DF523E2C85700EA9277 /* Constants.swift */ = {isa = PBXFileReference; lastKnownFileType = sourcecode.swift; path = Constants.swift; sourceTree = "<group>"; };
		8F111DF723E2C89100EA9277 /* Extensions.swift */ = {isa = PBXFileReference; lastKnownFileType = sourcecode.swift; path = Extensions.swift; sourceTree = "<group>"; };
		8F1672BC2409311400F52B99 /* SubscribeButton.swift */ = {isa = PBXFileReference; lastKnownFileType = sourcecode.swift; path = SubscribeButton.swift; sourceTree = "<group>"; };
		8F3BD9EC23D878A500DE541C /* Fontspace.app */ = {isa = PBXFileReference; explicitFileType = wrapper.application; includeInIndex = 0; path = Fontspace.app; sourceTree = BUILT_PRODUCTS_DIR; };
		8F3BD9EF23D878A500DE541C /* AppDelegate.swift */ = {isa = PBXFileReference; lastKnownFileType = sourcecode.swift; path = AppDelegate.swift; sourceTree = "<group>"; };
		8F3BD9F323D878A500DE541C /* ViewController.swift */ = {isa = PBXFileReference; lastKnownFileType = sourcecode.swift; path = ViewController.swift; sourceTree = "<group>"; };
		8F3BD9F623D878A500DE541C /* Base */ = {isa = PBXFileReference; lastKnownFileType = file.storyboard; name = Base; path = Base.lproj/Main.storyboard; sourceTree = "<group>"; };
		8F3BD9F823D878A600DE541C /* Assets.xcassets */ = {isa = PBXFileReference; lastKnownFileType = folder.assetcatalog; path = Assets.xcassets; sourceTree = "<group>"; };
		8F3BD9FB23D878A600DE541C /* Base */ = {isa = PBXFileReference; lastKnownFileType = file.storyboard; name = Base; path = Base.lproj/LaunchScreen.storyboard; sourceTree = "<group>"; };
		8F3BD9FD23D878A600DE541C /* Info.plist */ = {isa = PBXFileReference; lastKnownFileType = text.plist.xml; path = Info.plist; sourceTree = "<group>"; };
		8F3BDA0723D878C800DE541C /* Fancy Fonts.appex */ = {isa = PBXFileReference; explicitFileType = "wrapper.app-extension"; includeInIndex = 0; path = "Fancy Fonts.appex"; sourceTree = BUILT_PRODUCTS_DIR; };
		8F3BDA0923D878C800DE541C /* KeyboardViewController.swift */ = {isa = PBXFileReference; lastKnownFileType = sourcecode.swift; path = KeyboardViewController.swift; sourceTree = "<group>"; };
		8F3BDA0B23D878C800DE541C /* Info.plist */ = {isa = PBXFileReference; lastKnownFileType = text.plist.xml; path = Info.plist; sourceTree = "<group>"; };
		8F406FFC23E2EAAF00A83874 /* SubscribeModel.swift */ = {isa = PBXFileReference; lastKnownFileType = sourcecode.swift; path = SubscribeModel.swift; sourceTree = "<group>"; };
		8F406FFE23E2F6DD00A83874 /* MyFonts.entitlements */ = {isa = PBXFileReference; lastKnownFileType = text.plist.entitlements; path = MyFonts.entitlements; sourceTree = "<group>"; };
		8F406FFF23E2F78D00A83874 /* MyKeyboard.entitlements */ = {isa = PBXFileReference; lastKnownFileType = text.plist.entitlements; path = MyKeyboard.entitlements; sourceTree = "<group>"; };
		8F40700123E2F83D00A83874 /* PersistencyManager.swift */ = {isa = PBXFileReference; lastKnownFileType = sourcecode.swift; path = PersistencyManager.swift; sourceTree = "<group>"; };
		8F454BB923D87A4800E4B696 /* DemoKeyboardActionHandler.swift */ = {isa = PBXFileReference; fileEncoding = 4; lastKnownFileType = sourcecode.swift; path = DemoKeyboardActionHandler.swift; sourceTree = "<group>"; };
		8F454BBB23D87A6600E4B696 /* KeyboardViewController+Setup.swift */ = {isa = PBXFileReference; fileEncoding = 4; lastKnownFileType = sourcecode.swift; path = "KeyboardViewController+Setup.swift"; sourceTree = "<group>"; };
		8F454BBD23D87A9D00E4B696 /* KeyboardManager.swift */ = {isa = PBXFileReference; fileEncoding = 4; lastKnownFileType = sourcecode.swift; path = KeyboardManager.swift; sourceTree = "<group>"; };
		8F454BBF23D87B4F00E4B696 /* AlphabeticKeyboard.swift */ = {isa = PBXFileReference; fileEncoding = 4; lastKnownFileType = sourcecode.swift; path = AlphabeticKeyboard.swift; sourceTree = "<group>"; };
		8F454BC123D87B8000E4B696 /* KeyboardViewController+Buttons.swift */ = {isa = PBXFileReference; fileEncoding = 4; lastKnownFileType = sourcecode.swift; path = "KeyboardViewController+Buttons.swift"; sourceTree = "<group>"; };
		8F454BC323D87B9400E4B696 /* NumericKeyboard.swift */ = {isa = PBXFileReference; fileEncoding = 4; lastKnownFileType = sourcecode.swift; path = NumericKeyboard.swift; sourceTree = "<group>"; };
		8F454BC523D87BA400E4B696 /* SymbolicKeyboard.swift */ = {isa = PBXFileReference; fileEncoding = 4; lastKnownFileType = sourcecode.swift; path = SymbolicKeyboard.swift; sourceTree = "<group>"; };
		8F454BC723D87BBC00E4B696 /* DemoKeyboard.swift */ = {isa = PBXFileReference; fileEncoding = 4; lastKnownFileType = sourcecode.swift; path = DemoKeyboard.swift; sourceTree = "<group>"; };
		8F454BCA23D87C1100E4B696 /* DemoButton.swift */ = {isa = PBXFileReference; fileEncoding = 4; lastKnownFileType = sourcecode.swift; path = DemoButton.swift; sourceTree = "<group>"; };
		8F454BCB23D87C1100E4B696 /* DemoButton.xib */ = {isa = PBXFileReference; fileEncoding = 4; lastKnownFileType = file.xib; path = DemoButton.xib; sourceTree = "<group>"; };
		8F454BCC23D87C1100E4B696 /* DemoAutocompleteLabel.swift */ = {isa = PBXFileReference; fileEncoding = 4; lastKnownFileType = sourcecode.swift; path = DemoAutocompleteLabel.swift; sourceTree = "<group>"; };
		8F454BD023D87C3C00E4B696 /* Assets.swift */ = {isa = PBXFileReference; fileEncoding = 4; lastKnownFileType = sourcecode.swift; path = Assets.swift; sourceTree = "<group>"; };
		8F454BD323D87F7300E4B696 /* Images.xcassets */ = {isa = PBXFileReference; lastKnownFileType = folder.assetcatalog; path = Images.xcassets; sourceTree = "<group>"; };
		8F454BD423D87F7300E4B696 /* Colors.xcassets */ = {isa = PBXFileReference; lastKnownFileType = folder.assetcatalog; path = Colors.xcassets; sourceTree = "<group>"; };
		8F454BDB23D883B200E4B696 /* FontKeyoboardModel.swift */ = {isa = PBXFileReference; lastKnownFileType = sourcecode.swift; path = FontKeyoboardModel.swift; sourceTree = "<group>"; };
		8F7648C723DAD41F00C25DDF /* UserFontModel.swift */ = {isa = PBXFileReference; lastKnownFileType = sourcecode.swift; path = UserFontModel.swift; sourceTree = "<group>"; };
		8F7648C923DADCBA00C25DDF /* UserFontsViewController.swift */ = {isa = PBXFileReference; lastKnownFileType = sourcecode.swift; path = UserFontsViewController.swift; sourceTree = "<group>"; };
		8F7648CB23DAE35A00C25DDF /* UserFontCell.swift */ = {isa = PBXFileReference; lastKnownFileType = sourcecode.swift; path = UserFontCell.swift; sourceTree = "<group>"; };
		8F78AF8F23EB3467002AE831 /* en */ = {isa = PBXFileReference; lastKnownFileType = text.plist.strings; name = en; path = en.lproj/Localizable.strings; sourceTree = "<group>"; };
		8F78AF9123EB34F1002AE831 /* ja */ = {isa = PBXFileReference; lastKnownFileType = text.plist.strings; name = ja; path = ja.lproj/Localizable.strings; sourceTree = "<group>"; };
		8F78AF9223EB3F6F002AE831 /* offerCell.swift */ = {isa = PBXFileReference; lastKnownFileType = sourcecode.swift; path = offerCell.swift; sourceTree = "<group>"; };
		8F7B997023D9B90F0093C072 /* SubscribeButton.xib */ = {isa = PBXFileReference; lastKnownFileType = file.xib; path = SubscribeButton.xib; sourceTree = "<group>"; };
		8F929F7823E17C33006417DF /* EmojiKeyboard.swift */ = {isa = PBXFileReference; lastKnownFileType = sourcecode.swift; path = EmojiKeyboard.swift; sourceTree = "<group>"; };
		8F9E229623E99E0100842E99 /* StoreKit.framework */ = {isa = PBXFileReference; lastKnownFileType = wrapper.framework; name = StoreKit.framework; path = System/Library/Frameworks/StoreKit.framework; sourceTree = SDKROOT; };
		8FC3611623E97478006EF455 /* InAppPurchase.swift */ = {isa = PBXFileReference; fileEncoding = 4; lastKnownFileType = sourcecode.swift; path = InAppPurchase.swift; sourceTree = "<group>"; };
		8FC3611723E97478006EF455 /* DocumentSerializable.swift */ = {isa = PBXFileReference; fileEncoding = 4; lastKnownFileType = sourcecode.swift; path = DocumentSerializable.swift; sourceTree = "<group>"; };
		8FC3611823E97478006EF455 /* RebeloperStore.swift */ = {isa = PBXFileReference; fileEncoding = 4; lastKnownFileType = sourcecode.swift; path = RebeloperStore.swift; sourceTree = "<group>"; };
		8FC3611923E97478006EF455 /* RegisteredPurchase.swift */ = {isa = PBXFileReference; fileEncoding = 4; lastKnownFileType = sourcecode.swift; path = RegisteredPurchase.swift; sourceTree = "<group>"; };
		8FC3611A23E97478006EF455 /* RebeloperStoreSetup.swift */ = {isa = PBXFileReference; fileEncoding = 4; lastKnownFileType = sourcecode.swift; path = RebeloperStoreSetup.swift; sourceTree = "<group>"; };
		8FD6231323F9206300AC4297 /* NumericKeyboardFix.swift */ = {isa = PBXFileReference; lastKnownFileType = sourcecode.swift; path = NumericKeyboardFix.swift; sourceTree = "<group>"; };
		8FE04FC823DEDBA10046F477 /* DevicyType.swift */ = {isa = PBXFileReference; lastKnownFileType = sourcecode.swift; path = DevicyType.swift; sourceTree = "<group>"; };
		8FE04FCB23DF21A10046F477 /* SuccessViewController.swift */ = {isa = PBXFileReference; lastKnownFileType = sourcecode.swift; path = SuccessViewController.swift; sourceTree = "<group>"; };
		8FE22F9A23FAEB8500B651D8 /* ShowroomModel.swift */ = {isa = PBXFileReference; lastKnownFileType = sourcecode.swift; path = ShowroomModel.swift; sourceTree = "<group>"; };
		8FEDA77123D9C64C00DF127D /* SubscribeViewController.swift */ = {isa = PBXFileReference; lastKnownFileType = sourcecode.swift; path = SubscribeViewController.swift; sourceTree = "<group>"; };
		8FF0081123D9D230002B5D8A /* gif1.gif */ = {isa = PBXFileReference; lastKnownFileType = image.gif; path = gif1.gif; sourceTree = "<group>"; };
		8FF0081223D9D230002B5D8A /* gif2.gif */ = {isa = PBXFileReference; lastKnownFileType = image.gif; path = gif2.gif; sourceTree = "<group>"; };
		8FF0081323D9D231002B5D8A /* gif0.gif */ = {isa = PBXFileReference; lastKnownFileType = image.gif; path = gif0.gif; sourceTree = "<group>"; };
		8FF0081723D9D25F002B5D8A /* SubscribeCell.swift */ = {isa = PBXFileReference; lastKnownFileType = sourcecode.swift; path = SubscribeCell.swift; sourceTree = "<group>"; };
		8FF190C823E9730E0059AD3C /* RebeloperStorePro.swift */ = {isa = PBXFileReference; fileEncoding = 4; lastKnownFileType = sourcecode.swift; path = RebeloperStorePro.swift; sourceTree = "<group>"; };
		8FF190CB23E9730F0059AD3C /* OSStatus+.swift */ = {isa = PBXFileReference; fileEncoding = 4; lastKnownFileType = sourcecode.swift; path = "OSStatus+.swift"; sourceTree = "<group>"; };
		AEB3330C9E2569E89C854A18 /* Pods_MyFonts.framework */ = {isa = PBXFileReference; explicitFileType = wrapper.framework; includeInIndex = 0; path = Pods_MyFonts.framework; sourceTree = BUILT_PRODUCTS_DIR; };
		EFE660515A894EBB85D54709 /* Pods-MyKeyboard.debug.xcconfig */ = {isa = PBXFileReference; includeInIndex = 1; lastKnownFileType = text.xcconfig; name = "Pods-MyKeyboard.debug.xcconfig"; path = "Target Support Files/Pods-MyKeyboard/Pods-MyKeyboard.debug.xcconfig"; sourceTree = "<group>"; };
/* End PBXFileReference section */

/* Begin PBXFrameworksBuildPhase section */
		8F3BD9E923D878A500DE541C /* Frameworks */ = {
			isa = PBXFrameworksBuildPhase;
			buildActionMask = 2147483647;
			files = (
				3BD4F045B96CF1BF34EDDAC6 /* Pods_MyFonts.framework in Frameworks */,
				8F9E229723E99E0100842E99 /* StoreKit.framework in Frameworks */,
			);
			runOnlyForDeploymentPostprocessing = 0;
		};
		8F3BDA0423D878C800DE541C /* Frameworks */ = {
			isa = PBXFrameworksBuildPhase;
			buildActionMask = 2147483647;
			files = (
				3562061EB11B795ED6AE9FF2 /* Pods_MyKeyboard.framework in Frameworks */,
			);
			runOnlyForDeploymentPostprocessing = 0;
		};
/* End PBXFrameworksBuildPhase section */

/* Begin PBXGroup section */
		04D673BFFCCC25D4B20E510A /* Pods */ = {
			isa = PBXGroup;
			children = (
				49F43F5C1F6432AFCF71415D /* Pods-MyFonts.debug.xcconfig */,
				5DFA6F933E8F89B9482B3FD6 /* Pods-MyFonts.release.xcconfig */,
				EFE660515A894EBB85D54709 /* Pods-MyKeyboard.debug.xcconfig */,
				7B4D7CBB3AD348DA5F1DA78E /* Pods-MyKeyboard.release.xcconfig */,
			);
			path = Pods;
			sourceTree = "<group>";
		};
		2F7FB72810B1F5B3A70C1DA3 /* Frameworks */ = {
			isa = PBXGroup;
			children = (
				8F9E229623E99E0100842E99 /* StoreKit.framework */,
				AEB3330C9E2569E89C854A18 /* Pods_MyFonts.framework */,
				4B709CB8BB8889A95822DDA5 /* Pods_MyKeyboard.framework */,
			);
			name = Frameworks;
			sourceTree = "<group>";
		};
		8F111DEF23E2B6EE00EA9277 /* SuccessScene */ = {
			isa = PBXGroup;
			children = (
				8FE04FCB23DF21A10046F477 /* SuccessViewController.swift */,
			);
			path = SuccessScene;
			sourceTree = "<group>";
		};
		8F111DF023E2B72E00EA9277 /* ShowroomScene */ = {
			isa = PBXGroup;
			children = (
				8F111DF123E2B75500EA9277 /* ShowroomViewController.swift */,
				8F111DF323E2B84200EA9277 /* ShowroomCell.swift */,
				8FE22F9A23FAEB8500B651D8 /* ShowroomModel.swift */,
			);
			path = ShowroomScene;
			sourceTree = "<group>";
		};
		8F3BD9E323D878A500DE541C = {
			isa = PBXGroup;
			children = (
				8F3BD9EE23D878A500DE541C /* MyFonts */,
				8F3BDA0823D878C800DE541C /* MyKeyboard */,
				8F3BD9ED23D878A500DE541C /* Products */,
				04D673BFFCCC25D4B20E510A /* Pods */,
				2F7FB72810B1F5B3A70C1DA3 /* Frameworks */,
			);
			sourceTree = "<group>";
		};
		8F3BD9ED23D878A500DE541C /* Products */ = {
			isa = PBXGroup;
			children = (
				8F3BD9EC23D878A500DE541C /* Fontspace.app */,
				8F3BDA0723D878C800DE541C /* Fancy Fonts.appex */,
			);
			name = Products;
			sourceTree = "<group>";
		};
		8F3BD9EE23D878A500DE541C /* MyFonts */ = {
			isa = PBXGroup;
			children = (
				8F406FFE23E2F6DD00A83874 /* MyFonts.entitlements */,
				8F7648C323DAD35E00C25DDF /* Scenes */,
				8F454BD923D8837F00E4B696 /* Shared */,
				8F7648C523DAD37A00C25DDF /* SupportingFiles */,
				8F3BD9F323D878A500DE541C /* ViewController.swift */,
			);
			path = MyFonts;
			sourceTree = "<group>";
		};
		8F3BDA0823D878C800DE541C /* MyKeyboard */ = {
			isa = PBXGroup;
			children = (
				8FD6231223F91E6600AC4297 /* SupportingFiles */,
				8FD6231123F91E5100AC4297 /* Keyboards */,
				8F406FFF23E2F78D00A83874 /* MyKeyboard.entitlements */,
				8F454BC923D87C1100E4B696 /* Buttons */,
				8F454BB923D87A4800E4B696 /* DemoKeyboardActionHandler.swift */,
				8F3BDA0923D878C800DE541C /* KeyboardViewController.swift */,
				8F454BBB23D87A6600E4B696 /* KeyboardViewController+Setup.swift */,
				8F454BC123D87B8000E4B696 /* KeyboardViewController+Buttons.swift */,
				8F454BBD23D87A9D00E4B696 /* KeyboardManager.swift */,
				8F3BDA0B23D878C800DE541C /* Info.plist */,
				8F929F7823E17C33006417DF /* EmojiKeyboard.swift */,
			);
			path = MyKeyboard;
			sourceTree = "<group>";
		};
		8F40700023E2F82800A83874 /* Managers */ = {
			isa = PBXGroup;
			children = (
				8F0BC92823EB01C600946BA1 /* AppReviewManager.swift */,
				8FF190C723E972FE0059AD3C /* Store */,
				8F40700123E2F83D00A83874 /* PersistencyManager.swift */,
			);
			path = Managers;
			sourceTree = "<group>";
		};
		8F454BC923D87C1100E4B696 /* Buttons */ = {
			isa = PBXGroup;
			children = (
				8F7B997023D9B90F0093C072 /* SubscribeButton.xib */,
				8F454BCA23D87C1100E4B696 /* DemoButton.swift */,
				8F454BCB23D87C1100E4B696 /* DemoButton.xib */,
				8F454BCC23D87C1100E4B696 /* DemoAutocompleteLabel.swift */,
				8F1672BC2409311400F52B99 /* SubscribeButton.swift */,
			);
			path = Buttons;
			sourceTree = "<group>";
		};
		8F454BD923D8837F00E4B696 /* Shared */ = {
			isa = PBXGroup;
			children = (
				8F40700023E2F82800A83874 /* Managers */,
				8F454BDA23D8838900E4B696 /* Models */,
				8FE04FC823DEDBA10046F477 /* DevicyType.swift */,
				8F111DF523E2C85700EA9277 /* Constants.swift */,
				8F111DF723E2C89100EA9277 /* Extensions.swift */,
			);
			path = Shared;
			sourceTree = "<group>";
		};
		8F454BDA23D8838900E4B696 /* Models */ = {
			isa = PBXGroup;
			children = (
				8F78AF7A23EB32CF002AE831 /* Localization */,
				8F454BDB23D883B200E4B696 /* FontKeyoboardModel.swift */,
			);
			path = Models;
			sourceTree = "<group>";
		};
		8F7648C323DAD35E00C25DDF /* Scenes */ = {
			isa = PBXGroup;
			children = (
				8FD6231523F9229A00AC4297 /* TODO */,
				8F111DF023E2B72E00EA9277 /* ShowroomScene */,
				8F111DEF23E2B6EE00EA9277 /* SuccessScene */,
				8FEDA77323D9C6AB00DF127D /* SubscribeScene */,
			);
			path = Scenes;
			sourceTree = "<group>";
		};
		8F7648C423DAD36900C25DDF /* UserFonts */ = {
			isa = PBXGroup;
			children = (
				8F7648C723DAD41F00C25DDF /* UserFontModel.swift */,
				8F7648C923DADCBA00C25DDF /* UserFontsViewController.swift */,
				8F7648CB23DAE35A00C25DDF /* UserFontCell.swift */,
			);
			path = UserFonts;
			sourceTree = "<group>";
		};
		8F7648C523DAD37A00C25DDF /* SupportingFiles */ = {
			isa = PBXGroup;
			children = (
				8F7648C623DAD3F300C25DDF /* Resources */,
				8F3BD9EF23D878A500DE541C /* AppDelegate.swift */,
				8F3BD9F523D878A500DE541C /* Main.storyboard */,
				8F3BD9FA23D878A600DE541C /* LaunchScreen.storyboard */,
				8F454BD023D87C3C00E4B696 /* Assets.swift */,
				8F3BD9FD23D878A600DE541C /* Info.plist */,
			);
			path = SupportingFiles;
			sourceTree = "<group>";
		};
		8F7648C623DAD3F300C25DDF /* Resources */ = {
			isa = PBXGroup;
			children = (
				8FF0081023D9D14F002B5D8A /* gifs */,
				8F454BD423D87F7300E4B696 /* Colors.xcassets */,
				8F454BD323D87F7300E4B696 /* Images.xcassets */,
				8F3BD9F823D878A600DE541C /* Assets.xcassets */,
			);
			path = Resources;
			sourceTree = "<group>";
		};
		8F78AF7A23EB32CF002AE831 /* Localization */ = {
			isa = PBXGroup;
			children = (
				8F78AF9023EB3467002AE831 /* Localizable.strings */,
			);
			path = Localization;
			sourceTree = "<group>";
		};
		8FC3611423E97464006EF455 /* RebeloperStorePro */ = {
			isa = PBXGroup;
			children = (
				8FF190CB23E9730F0059AD3C /* OSStatus+.swift */,
				8FF190C823E9730E0059AD3C /* RebeloperStorePro.swift */,
			);
			path = RebeloperStorePro;
			sourceTree = "<group>";
		};
		8FC3611523E97478006EF455 /* RebeloperStoreBasic */ = {
			isa = PBXGroup;
			children = (
				8FC3611623E97478006EF455 /* InAppPurchase.swift */,
				8FC3611723E97478006EF455 /* DocumentSerializable.swift */,
				8FC3611823E97478006EF455 /* RebeloperStore.swift */,
				8FC3611923E97478006EF455 /* RegisteredPurchase.swift */,
				8FC3611A23E97478006EF455 /* RebeloperStoreSetup.swift */,
			);
			path = RebeloperStoreBasic;
			sourceTree = "<group>";
		};
		8FD6231123F91E5100AC4297 /* Keyboards */ = {
			isa = PBXGroup;
			children = (
				8F454BC723D87BBC00E4B696 /* DemoKeyboard.swift */,
				8F454BBF23D87B4F00E4B696 /* AlphabeticKeyboard.swift */,
				8F454BC323D87B9400E4B696 /* NumericKeyboard.swift */,
				8F454BC523D87BA400E4B696 /* SymbolicKeyboard.swift */,
				8FD6231323F9206300AC4297 /* NumericKeyboardFix.swift */,
			);
			path = Keyboards;
			sourceTree = "<group>";
		};
		8FD6231223F91E6600AC4297 /* SupportingFiles */ = {
			isa = PBXGroup;
			children = (
			);
			path = SupportingFiles;
			sourceTree = "<group>";
		};
		8FD6231523F9229A00AC4297 /* TODO */ = {
			isa = PBXGroup;
			children = (
				8F7648C423DAD36900C25DDF /* UserFonts */,
			);
			path = TODO;
			sourceTree = "<group>";
		};
		8FEDA77323D9C6AB00DF127D /* SubscribeScene */ = {
			isa = PBXGroup;
			children = (
				8FEDA77123D9C64C00DF127D /* SubscribeViewController.swift */,
				8FF0081723D9D25F002B5D8A /* SubscribeCell.swift */,
				8F406FFC23E2EAAF00A83874 /* SubscribeModel.swift */,
				8F78AF9223EB3F6F002AE831 /* offerCell.swift */,
			);
			path = SubscribeScene;
			sourceTree = "<group>";
		};
		8FF0081023D9D14F002B5D8A /* gifs */ = {
			isa = PBXGroup;
			children = (
				8FF0081323D9D231002B5D8A /* gif0.gif */,
				8FF0081123D9D230002B5D8A /* gif1.gif */,
				8FF0081223D9D230002B5D8A /* gif2.gif */,
			);
			path = gifs;
			sourceTree = "<group>";
		};
		8FF190C723E972FE0059AD3C /* Store */ = {
			isa = PBXGroup;
			children = (
				8FC3611523E97478006EF455 /* RebeloperStoreBasic */,
				8FC3611423E97464006EF455 /* RebeloperStorePro */,
			);
			path = Store;
			sourceTree = "<group>";
		};
/* End PBXGroup section */

/* Begin PBXNativeTarget section */
		8F3BD9EB23D878A500DE541C /* MyFonts */ = {
			isa = PBXNativeTarget;
			buildConfigurationList = 8F3BDA0023D878A600DE541C /* Build configuration list for PBXNativeTarget "MyFonts" */;
			buildPhases = (
				C0823585B532BE323C354F4A /* [CP] Check Pods Manifest.lock */,
				8F3BD9E823D878A500DE541C /* Sources */,
				8F3BD9E923D878A500DE541C /* Frameworks */,
				8F3BD9EA23D878A500DE541C /* Resources */,
				8F3BDA1223D878C800DE541C /* Embed App Extensions */,
				17D131E5983580DF248CEAC4 /* [CP] Embed Pods Frameworks */,
			);
			buildRules = (
			);
			dependencies = (
				8F3BDA0D23D878C800DE541C /* PBXTargetDependency */,
			);
			name = MyFonts;
			productName = MyFonts;
			productReference = 8F3BD9EC23D878A500DE541C /* Fontspace.app */;
			productType = "com.apple.product-type.application";
		};
		8F3BDA0623D878C800DE541C /* MyKeyboard */ = {
			isa = PBXNativeTarget;
			buildConfigurationList = 8F3BDA0F23D878C800DE541C /* Build configuration list for PBXNativeTarget "MyKeyboard" */;
			buildPhases = (
				A6F7DFAE8197A65217B76864 /* [CP] Check Pods Manifest.lock */,
				8F3BDA0323D878C800DE541C /* Sources */,
				8F3BDA0423D878C800DE541C /* Frameworks */,
				8F3BDA0523D878C800DE541C /* Resources */,
			);
			buildRules = (
			);
			dependencies = (
			);
			name = MyKeyboard;
			productName = MyKeyboard;
			productReference = 8F3BDA0723D878C800DE541C /* Fancy Fonts.appex */;
			productType = "com.apple.product-type.app-extension";
		};
/* End PBXNativeTarget section */

/* Begin PBXProject section */
		8F3BD9E423D878A500DE541C /* Project object */ = {
			isa = PBXProject;
			attributes = {
				LastSwiftUpdateCheck = 1110;
				LastUpgradeCheck = 1110;
				ORGANIZATIONNAME = Irakli;
				TargetAttributes = {
					8F3BD9EB23D878A500DE541C = {
						CreatedOnToolsVersion = 11.1;
					};
					8F3BDA0623D878C800DE541C = {
						CreatedOnToolsVersion = 11.1;
					};
				};
			};
			buildConfigurationList = 8F3BD9E723D878A500DE541C /* Build configuration list for PBXProject "MyFonts" */;
			compatibilityVersion = "Xcode 9.3";
			developmentRegion = en;
			hasScannedForEncodings = 0;
			knownRegions = (
				en,
				Base,
				ja,
			);
			mainGroup = 8F3BD9E323D878A500DE541C;
			productRefGroup = 8F3BD9ED23D878A500DE541C /* Products */;
			projectDirPath = "";
			projectRoot = "";
			targets = (
				8F3BD9EB23D878A500DE541C /* MyFonts */,
				8F3BDA0623D878C800DE541C /* MyKeyboard */,
			);
		};
/* End PBXProject section */

/* Begin PBXResourcesBuildPhase section */
		8F3BD9EA23D878A500DE541C /* Resources */ = {
			isa = PBXResourcesBuildPhase;
			buildActionMask = 2147483647;
			files = (
				8F454BD723D87F7300E4B696 /* Colors.xcassets in Resources */,
				8F3BD9FC23D878A600DE541C /* LaunchScreen.storyboard in Resources */,
				8FF0081523D9D231002B5D8A /* gif2.gif in Resources */,
				8FF0081623D9D231002B5D8A /* gif0.gif in Resources */,
				8F78AF8E23EB3467002AE831 /* Localizable.strings in Resources */,
				8F454BD523D87F7300E4B696 /* Images.xcassets in Resources */,
				8F3BD9F923D878A600DE541C /* Assets.xcassets in Resources */,
				8FF0081423D9D231002B5D8A /* gif1.gif in Resources */,
				8F3BD9F723D878A500DE541C /* Main.storyboard in Resources */,
			);
			runOnlyForDeploymentPostprocessing = 0;
		};
		8F3BDA0523D878C800DE541C /* Resources */ = {
			isa = PBXResourcesBuildPhase;
			buildActionMask = 2147483647;
			files = (
				8F5442822409299D00C48EA4 /* Localizable.strings in Resources */,
				8F454BD823D87F7300E4B696 /* Colors.xcassets in Resources */,
				8F454BCE23D87C1100E4B696 /* DemoButton.xib in Resources */,
				8F7B997123D9B90F0093C072 /* SubscribeButton.xib in Resources */,
				8F454BD623D87F7300E4B696 /* Images.xcassets in Resources */,
			);
			runOnlyForDeploymentPostprocessing = 0;
		};
/* End PBXResourcesBuildPhase section */

/* Begin PBXShellScriptBuildPhase section */
		17D131E5983580DF248CEAC4 /* [CP] Embed Pods Frameworks */ = {
			isa = PBXShellScriptBuildPhase;
			buildActionMask = 2147483647;
			files = (
			);
			inputFileListPaths = (
				"${PODS_ROOT}/Target Support Files/Pods-MyFonts/Pods-MyFonts-frameworks-${CONFIGURATION}-input-files.xcfilelist",
			);
			name = "[CP] Embed Pods Frameworks";
			outputFileListPaths = (
				"${PODS_ROOT}/Target Support Files/Pods-MyFonts/Pods-MyFonts-frameworks-${CONFIGURATION}-output-files.xcfilelist",
			);
			runOnlyForDeploymentPostprocessing = 0;
			shellPath = /bin/sh;
			shellScript = "\"${PODS_ROOT}/Target Support Files/Pods-MyFonts/Pods-MyFonts-frameworks.sh\"\n";
			showEnvVarsInLog = 0;
		};
		A6F7DFAE8197A65217B76864 /* [CP] Check Pods Manifest.lock */ = {
			isa = PBXShellScriptBuildPhase;
			buildActionMask = 2147483647;
			files = (
			);
			inputFileListPaths = (
			);
			inputPaths = (
				"${PODS_PODFILE_DIR_PATH}/Podfile.lock",
				"${PODS_ROOT}/Manifest.lock",
			);
			name = "[CP] Check Pods Manifest.lock";
			outputFileListPaths = (
			);
			outputPaths = (
				"$(DERIVED_FILE_DIR)/Pods-MyKeyboard-checkManifestLockResult.txt",
			);
			runOnlyForDeploymentPostprocessing = 0;
			shellPath = /bin/sh;
			shellScript = "diff \"${PODS_PODFILE_DIR_PATH}/Podfile.lock\" \"${PODS_ROOT}/Manifest.lock\" > /dev/null\nif [ $? != 0 ] ; then\n    # print error to STDERR\n    echo \"error: The sandbox is not in sync with the Podfile.lock. Run 'pod install' or update your CocoaPods installation.\" >&2\n    exit 1\nfi\n# This output is used by Xcode 'outputs' to avoid re-running this script phase.\necho \"SUCCESS\" > \"${SCRIPT_OUTPUT_FILE_0}\"\n";
			showEnvVarsInLog = 0;
		};
		C0823585B532BE323C354F4A /* [CP] Check Pods Manifest.lock */ = {
			isa = PBXShellScriptBuildPhase;
			buildActionMask = 2147483647;
			files = (
			);
			inputFileListPaths = (
			);
			inputPaths = (
				"${PODS_PODFILE_DIR_PATH}/Podfile.lock",
				"${PODS_ROOT}/Manifest.lock",
			);
			name = "[CP] Check Pods Manifest.lock";
			outputFileListPaths = (
			);
			outputPaths = (
				"$(DERIVED_FILE_DIR)/Pods-MyFonts-checkManifestLockResult.txt",
			);
			runOnlyForDeploymentPostprocessing = 0;
			shellPath = /bin/sh;
			shellScript = "diff \"${PODS_PODFILE_DIR_PATH}/Podfile.lock\" \"${PODS_ROOT}/Manifest.lock\" > /dev/null\nif [ $? != 0 ] ; then\n    # print error to STDERR\n    echo \"error: The sandbox is not in sync with the Podfile.lock. Run 'pod install' or update your CocoaPods installation.\" >&2\n    exit 1\nfi\n# This output is used by Xcode 'outputs' to avoid re-running this script phase.\necho \"SUCCESS\" > \"${SCRIPT_OUTPUT_FILE_0}\"\n";
			showEnvVarsInLog = 0;
		};
/* End PBXShellScriptBuildPhase section */

/* Begin PBXSourcesBuildPhase section */
		8F3BD9E823D878A500DE541C /* Sources */ = {
			isa = PBXSourcesBuildPhase;
			buildActionMask = 2147483647;
			files = (
				8F78AF9323EB3F6F002AE831 /* offerCell.swift in Sources */,
				8FC3611F23E97478006EF455 /* RebeloperStoreSetup.swift in Sources */,
				8F111DF223E2B75500EA9277 /* ShowroomViewController.swift in Sources */,
				8F111DF423E2B84200EA9277 /* ShowroomCell.swift in Sources */,
				8F406FFD23E2EAAF00A83874 /* SubscribeModel.swift in Sources */,
				8F7648C823DAD41F00C25DDF /* UserFontModel.swift in Sources */,
				8F3BD9F423D878A500DE541C /* ViewController.swift in Sources */,
				8F3BD9F023D878A500DE541C /* AppDelegate.swift in Sources */,
				8FF190D123E9730F0059AD3C /* OSStatus+.swift in Sources */,
				8FC3611D23E97478006EF455 /* RebeloperStore.swift in Sources */,
				8F7648CC23DAE35A00C25DDF /* UserFontCell.swift in Sources */,
				8F7648CA23DADCBA00C25DDF /* UserFontsViewController.swift in Sources */,
				8FE22F9B23FAEB8500B651D8 /* ShowroomModel.swift in Sources */,
				8FE04FC923DEDBA10046F477 /* DevicyType.swift in Sources */,
				8F454BD123D87C3C00E4B696 /* Assets.swift in Sources */,
				8FE04FCC23DF21A10046F477 /* SuccessViewController.swift in Sources */,
				8FC3611E23E97478006EF455 /* RegisteredPurchase.swift in Sources */,
				8F111DF823E2C89100EA9277 /* Extensions.swift in Sources */,
				8FEDA77223D9C64C00DF127D /* SubscribeViewController.swift in Sources */,
				8F40700223E2F83D00A83874 /* PersistencyManager.swift in Sources */,
				8FC3611C23E97478006EF455 /* DocumentSerializable.swift in Sources */,
				8FC3611B23E97478006EF455 /* InAppPurchase.swift in Sources */,
				8F111DF623E2C85700EA9277 /* Constants.swift in Sources */,
				8FF0081823D9D25F002B5D8A /* SubscribeCell.swift in Sources */,
				8F0BC92923EB01C600946BA1 /* AppReviewManager.swift in Sources */,
				8F454BDC23D883B200E4B696 /* FontKeyoboardModel.swift in Sources */,
				8FF190CE23E9730F0059AD3C /* RebeloperStorePro.swift in Sources */,
			);
			runOnlyForDeploymentPostprocessing = 0;
		};
		8F3BDA0323D878C800DE541C /* Sources */ = {
			isa = PBXSourcesBuildPhase;
			buildActionMask = 2147483647;
			files = (
				8F1672BD2409311400F52B99 /* SubscribeButton.swift in Sources */,
				8F454BC023D87B4F00E4B696 /* AlphabeticKeyboard.swift in Sources */,
				8F454BC423D87B9400E4B696 /* NumericKeyboard.swift in Sources */,
				8FD6231423F9206300AC4297 /* NumericKeyboardFix.swift in Sources */,
				8F454BD223D87C5300E4B696 /* Assets.swift in Sources */,
				8F454BCD23D87C1100E4B696 /* DemoButton.swift in Sources */,
				8F454BC823D87BBD00E4B696 /* DemoKeyboard.swift in Sources */,
				8F0BC92A23EB01C600946BA1 /* AppReviewManager.swift in Sources */,
				8F929F7923E17C33006417DF /* EmojiKeyboard.swift in Sources */,
				8F454BBE23D87A9D00E4B696 /* KeyboardManager.swift in Sources */,
				8F111DF923E2CE5B00EA9277 /* Constants.swift in Sources */,
				8F454BBC23D87A6600E4B696 /* KeyboardViewController+Setup.swift in Sources */,
				8FE04FCA23DEDC420046F477 /* DevicyType.swift in Sources */,
				8F454BC623D87BA400E4B696 /* SymbolicKeyboard.swift in Sources */,
				8F454BC223D87B8000E4B696 /* KeyboardViewController+Buttons.swift in Sources */,
				8F454BBA23D87A4800E4B696 /* DemoKeyboardActionHandler.swift in Sources */,
				8F40700323E2F83D00A83874 /* PersistencyManager.swift in Sources */,
				8F454BCF23D87C1100E4B696 /* DemoAutocompleteLabel.swift in Sources */,
				8F111DFA23E2CE7200EA9277 /* Extensions.swift in Sources */,
				8F454BDD23D883B200E4B696 /* FontKeyoboardModel.swift in Sources */,
				8F3BDA0A23D878C800DE541C /* KeyboardViewController.swift in Sources */,
			);
			runOnlyForDeploymentPostprocessing = 0;
		};
/* End PBXSourcesBuildPhase section */

/* Begin PBXTargetDependency section */
		8F3BDA0D23D878C800DE541C /* PBXTargetDependency */ = {
			isa = PBXTargetDependency;
			target = 8F3BDA0623D878C800DE541C /* MyKeyboard */;
			targetProxy = 8F3BDA0C23D878C800DE541C /* PBXContainerItemProxy */;
		};
/* End PBXTargetDependency section */

/* Begin PBXVariantGroup section */
		8F3BD9F523D878A500DE541C /* Main.storyboard */ = {
			isa = PBXVariantGroup;
			children = (
				8F3BD9F623D878A500DE541C /* Base */,
			);
			name = Main.storyboard;
			sourceTree = "<group>";
		};
		8F3BD9FA23D878A600DE541C /* LaunchScreen.storyboard */ = {
			isa = PBXVariantGroup;
			children = (
				8F3BD9FB23D878A600DE541C /* Base */,
			);
			name = LaunchScreen.storyboard;
			sourceTree = "<group>";
		};
		8F78AF9023EB3467002AE831 /* Localizable.strings */ = {
			isa = PBXVariantGroup;
			children = (
				8F78AF8F23EB3467002AE831 /* en */,
				8F78AF9123EB34F1002AE831 /* ja */,
			);
			name = Localizable.strings;
			sourceTree = "<group>";
		};
/* End PBXVariantGroup section */

/* Begin XCBuildConfiguration section */
		8F3BD9FE23D878A600DE541C /* Debug */ = {
			isa = XCBuildConfiguration;
			buildSettings = {
				ALWAYS_SEARCH_USER_PATHS = NO;
				CLANG_ANALYZER_LOCALIZABILITY_NONLOCALIZED = YES;
				CLANG_ANALYZER_NONNULL = YES;
				CLANG_ANALYZER_NUMBER_OBJECT_CONVERSION = YES_AGGRESSIVE;
				CLANG_CXX_LANGUAGE_STANDARD = "gnu++14";
				CLANG_CXX_LIBRARY = "libc++";
				CLANG_ENABLE_MODULES = YES;
				CLANG_ENABLE_OBJC_ARC = YES;
				CLANG_ENABLE_OBJC_WEAK = YES;
				CLANG_WARN_BLOCK_CAPTURE_AUTORELEASING = YES;
				CLANG_WARN_BOOL_CONVERSION = YES;
				CLANG_WARN_COMMA = YES;
				CLANG_WARN_CONSTANT_CONVERSION = YES;
				CLANG_WARN_DEPRECATED_OBJC_IMPLEMENTATIONS = YES;
				CLANG_WARN_DIRECT_OBJC_ISA_USAGE = YES_ERROR;
				CLANG_WARN_DOCUMENTATION_COMMENTS = YES;
				CLANG_WARN_EMPTY_BODY = YES;
				CLANG_WARN_ENUM_CONVERSION = YES;
				CLANG_WARN_INFINITE_RECURSION = YES;
				CLANG_WARN_INT_CONVERSION = YES;
				CLANG_WARN_NON_LITERAL_NULL_CONVERSION = YES;
				CLANG_WARN_OBJC_IMPLICIT_RETAIN_SELF = YES;
				CLANG_WARN_OBJC_LITERAL_CONVERSION = YES;
				CLANG_WARN_OBJC_ROOT_CLASS = YES_ERROR;
				CLANG_WARN_RANGE_LOOP_ANALYSIS = YES;
				CLANG_WARN_STRICT_PROTOTYPES = YES;
				CLANG_WARN_SUSPICIOUS_MOVE = YES;
				CLANG_WARN_UNGUARDED_AVAILABILITY = YES_AGGRESSIVE;
				CLANG_WARN_UNREACHABLE_CODE = YES;
				CLANG_WARN__DUPLICATE_METHOD_MATCH = YES;
				COPY_PHASE_STRIP = NO;
				DEBUG_INFORMATION_FORMAT = dwarf;
				ENABLE_STRICT_OBJC_MSGSEND = YES;
				ENABLE_TESTABILITY = YES;
				GCC_C_LANGUAGE_STANDARD = gnu11;
				GCC_DYNAMIC_NO_PIC = NO;
				GCC_NO_COMMON_BLOCKS = YES;
				GCC_OPTIMIZATION_LEVEL = 0;
				GCC_PREPROCESSOR_DEFINITIONS = (
					"DEBUG=1",
					"$(inherited)",
				);
				GCC_WARN_64_TO_32_BIT_CONVERSION = YES;
				GCC_WARN_ABOUT_RETURN_TYPE = YES_ERROR;
				GCC_WARN_UNDECLARED_SELECTOR = YES;
				GCC_WARN_UNINITIALIZED_AUTOS = YES_AGGRESSIVE;
				GCC_WARN_UNUSED_FUNCTION = YES;
				GCC_WARN_UNUSED_VARIABLE = YES;
				IPHONEOS_DEPLOYMENT_TARGET = 12.0;
				MTL_ENABLE_DEBUG_INFO = INCLUDE_SOURCE;
				MTL_FAST_MATH = YES;
				ONLY_ACTIVE_ARCH = YES;
				SDKROOT = iphoneos;
				SWIFT_ACTIVE_COMPILATION_CONDITIONS = DEBUG;
				SWIFT_OPTIMIZATION_LEVEL = "-Onone";
			};
			name = Debug;
		};
		8F3BD9FF23D878A600DE541C /* Release */ = {
			isa = XCBuildConfiguration;
			buildSettings = {
				ALWAYS_SEARCH_USER_PATHS = NO;
				CLANG_ANALYZER_LOCALIZABILITY_NONLOCALIZED = YES;
				CLANG_ANALYZER_NONNULL = YES;
				CLANG_ANALYZER_NUMBER_OBJECT_CONVERSION = YES_AGGRESSIVE;
				CLANG_CXX_LANGUAGE_STANDARD = "gnu++14";
				CLANG_CXX_LIBRARY = "libc++";
				CLANG_ENABLE_MODULES = YES;
				CLANG_ENABLE_OBJC_ARC = YES;
				CLANG_ENABLE_OBJC_WEAK = YES;
				CLANG_WARN_BLOCK_CAPTURE_AUTORELEASING = YES;
				CLANG_WARN_BOOL_CONVERSION = YES;
				CLANG_WARN_COMMA = YES;
				CLANG_WARN_CONSTANT_CONVERSION = YES;
				CLANG_WARN_DEPRECATED_OBJC_IMPLEMENTATIONS = YES;
				CLANG_WARN_DIRECT_OBJC_ISA_USAGE = YES_ERROR;
				CLANG_WARN_DOCUMENTATION_COMMENTS = YES;
				CLANG_WARN_EMPTY_BODY = YES;
				CLANG_WARN_ENUM_CONVERSION = YES;
				CLANG_WARN_INFINITE_RECURSION = YES;
				CLANG_WARN_INT_CONVERSION = YES;
				CLANG_WARN_NON_LITERAL_NULL_CONVERSION = YES;
				CLANG_WARN_OBJC_IMPLICIT_RETAIN_SELF = YES;
				CLANG_WARN_OBJC_LITERAL_CONVERSION = YES;
				CLANG_WARN_OBJC_ROOT_CLASS = YES_ERROR;
				CLANG_WARN_RANGE_LOOP_ANALYSIS = YES;
				CLANG_WARN_STRICT_PROTOTYPES = YES;
				CLANG_WARN_SUSPICIOUS_MOVE = YES;
				CLANG_WARN_UNGUARDED_AVAILABILITY = YES_AGGRESSIVE;
				CLANG_WARN_UNREACHABLE_CODE = YES;
				CLANG_WARN__DUPLICATE_METHOD_MATCH = YES;
				COPY_PHASE_STRIP = NO;
				DEBUG_INFORMATION_FORMAT = "dwarf-with-dsym";
				ENABLE_NS_ASSERTIONS = NO;
				ENABLE_STRICT_OBJC_MSGSEND = YES;
				GCC_C_LANGUAGE_STANDARD = gnu11;
				GCC_NO_COMMON_BLOCKS = YES;
				GCC_WARN_64_TO_32_BIT_CONVERSION = YES;
				GCC_WARN_ABOUT_RETURN_TYPE = YES_ERROR;
				GCC_WARN_UNDECLARED_SELECTOR = YES;
				GCC_WARN_UNINITIALIZED_AUTOS = YES_AGGRESSIVE;
				GCC_WARN_UNUSED_FUNCTION = YES;
				GCC_WARN_UNUSED_VARIABLE = YES;
				IPHONEOS_DEPLOYMENT_TARGET = 12.0;
				MTL_ENABLE_DEBUG_INFO = NO;
				MTL_FAST_MATH = YES;
				SDKROOT = iphoneos;
				SWIFT_COMPILATION_MODE = wholemodule;
				SWIFT_OPTIMIZATION_LEVEL = "-O";
				VALIDATE_PRODUCT = YES;
			};
			name = Release;
		};
		8F3BDA0123D878A600DE541C /* Debug */ = {
			isa = XCBuildConfiguration;
			baseConfigurationReference = 49F43F5C1F6432AFCF71415D /* Pods-MyFonts.debug.xcconfig */;
			buildSettings = {
				ALWAYS_EMBED_SWIFT_STANDARD_LIBRARIES = YES;
				ASSETCATALOG_COMPILER_APPICON_NAME = AppIcon;
				CODE_SIGN_ENTITLEMENTS = MyFonts/MyFonts.entitlements;
				CODE_SIGN_IDENTITY = "iPhone Developer";
				CODE_SIGN_STYLE = Manual;
				CURRENT_PROJECT_VERSION = 1.0.2;
				DEVELOPMENT_TEAM = 4QKPJH6AQ6;
				INFOPLIST_FILE = MyFonts/SupportingFiles/Info.plist;
				LD_RUNPATH_SEARCH_PATHS = (
					"$(inherited)",
					"@executable_path/Frameworks",
				);
				MARKETING_VERSION = 1.0.0;
				PRODUCT_BUNDLE_IDENTIFIER = com.thargi.fancyfonts;
				PRODUCT_NAME = Fontspace;
				PROVISIONING_PROFILE_SPECIFIER = "Fancy Fonts Development Profile - Master";
				SWIFT_VERSION = 5.0;
				TARGETED_DEVICE_FAMILY = 1;
			};
			name = Debug;
		};
		8F3BDA0223D878A600DE541C /* Release */ = {
			isa = XCBuildConfiguration;
			baseConfigurationReference = 5DFA6F933E8F89B9482B3FD6 /* Pods-MyFonts.release.xcconfig */;
			buildSettings = {
				ALWAYS_EMBED_SWIFT_STANDARD_LIBRARIES = YES;
				ASSETCATALOG_COMPILER_APPICON_NAME = AppIcon;
				CODE_SIGN_ENTITLEMENTS = MyFonts/MyFonts.entitlements;
				CODE_SIGN_IDENTITY = "iPhone Developer";
				CODE_SIGN_STYLE = Manual;
				CURRENT_PROJECT_VERSION = 1.0.2;
				DEVELOPMENT_TEAM = 4QKPJH6AQ6;
				INFOPLIST_FILE = MyFonts/SupportingFiles/Info.plist;
				LD_RUNPATH_SEARCH_PATHS = (
					"$(inherited)",
					"@executable_path/Frameworks",
				);
				MARKETING_VERSION = 1.0.0;
				PRODUCT_BUNDLE_IDENTIFIER = com.thargi.fancyfonts;
				PRODUCT_NAME = Fontspace;
				PROVISIONING_PROFILE_SPECIFIER = "Fancy Fonts Development Profile - Master";
				SWIFT_VERSION = 5.0;
				TARGETED_DEVICE_FAMILY = 1;
			};
			name = Release;
		};
		8F3BDA1023D878C800DE541C /* Debug */ = {
			isa = XCBuildConfiguration;
			baseConfigurationReference = EFE660515A894EBB85D54709 /* Pods-MyKeyboard.debug.xcconfig */;
			buildSettings = {
				CODE_SIGN_ENTITLEMENTS = MyKeyboard/MyKeyboard.entitlements;
				CODE_SIGN_IDENTITY = "iPhone Developer";
				CODE_SIGN_STYLE = Manual;
				CURRENT_PROJECT_VERSION = 1.0.2;
				DEVELOPMENT_TEAM = 4QKPJH6AQ6;
				INFOPLIST_FILE = MyKeyboard/Info.plist;
				LD_RUNPATH_SEARCH_PATHS = (
					"$(inherited)",
					"@executable_path/Frameworks",
					"@executable_path/../../Frameworks",
				);
				MARKETING_VERSION = 1.0.0;
				PRODUCT_BUNDLE_IDENTIFIER = com.thargi.fancyfonts.extension;
				PRODUCT_NAME = "Fancy Fonts";
				PROVISIONING_PROFILE_SPECIFIER = "Fancy Fonts Extension Development Profile - Master";
				SKIP_INSTALL = YES;
				SWIFT_VERSION = 5.0;
				TARGETED_DEVICE_FAMILY = 1;
			};
			name = Debug;
		};
		8F3BDA1123D878C800DE541C /* Release */ = {
			isa = XCBuildConfiguration;
			baseConfigurationReference = 7B4D7CBB3AD348DA5F1DA78E /* Pods-MyKeyboard.release.xcconfig */;
			buildSettings = {
				CODE_SIGN_ENTITLEMENTS = MyKeyboard/MyKeyboard.entitlements;
				CODE_SIGN_IDENTITY = "iPhone Developer";
				CODE_SIGN_STYLE = Manual;
				CURRENT_PROJECT_VERSION = 1.0.2;
				DEVELOPMENT_TEAM = 4QKPJH6AQ6;
				INFOPLIST_FILE = MyKeyboard/Info.plist;
				LD_RUNPATH_SEARCH_PATHS = (
					"$(inherited)",
					"@executable_path/Frameworks",
					"@executable_path/../../Frameworks",
				);
				MARKETING_VERSION = 1.0.0;
				PRODUCT_BUNDLE_IDENTIFIER = com.thargi.fancyfonts.extension;
				PRODUCT_NAME = "Fancy Fonts";
				PROVISIONING_PROFILE_SPECIFIER = "Fancy Fonts Extension Development Profile - Master";
				SKIP_INSTALL = YES;
				SWIFT_VERSION = 5.0;
				TARGETED_DEVICE_FAMILY = 1;
			};
			name = Release;
		};
/* End XCBuildConfiguration section */

/* Begin XCConfigurationList section */
		8F3BD9E723D878A500DE541C /* Build configuration list for PBXProject "MyFonts" */ = {
			isa = XCConfigurationList;
			buildConfigurations = (
				8F3BD9FE23D878A600DE541C /* Debug */,
				8F3BD9FF23D878A600DE541C /* Release */,
			);
			defaultConfigurationIsVisible = 0;
			defaultConfigurationName = Release;
		};
		8F3BDA0023D878A600DE541C /* Build configuration list for PBXNativeTarget "MyFonts" */ = {
			isa = XCConfigurationList;
			buildConfigurations = (
				8F3BDA0123D878A600DE541C /* Debug */,
				8F3BDA0223D878A600DE541C /* Release */,
			);
			defaultConfigurationIsVisible = 0;
			defaultConfigurationName = Release;
		};
		8F3BDA0F23D878C800DE541C /* Build configuration list for PBXNativeTarget "MyKeyboard" */ = {
			isa = XCConfigurationList;
			buildConfigurations = (
				8F3BDA1023D878C800DE541C /* Debug */,
				8F3BDA1123D878C800DE541C /* Release */,
			);
			defaultConfigurationIsVisible = 0;
			defaultConfigurationName = Release;
		};
/* End XCConfigurationList section */
	};
	rootObject = 8F3BD9E423D878A500DE541C /* Project object */;
}
