// !$*UTF8*$!
{
	archiveVersion = 1;
	classes = {
	};
	objectVersion = 51;
	objects = {

/* Begin PBXBuildFile section */
		2CD6D4975D655F14AC785DB3 /* Pods_MyFonts.framework in Frameworks */ = {isa = PBXBuildFile; fileRef = 36E476A4BE1FEC61CD738FDB /* Pods_MyFonts.framework */; };
		8F3BD9F023D878A500DE541C /* AppDelegate.swift in Sources */ = {isa = PBXBuildFile; fileRef = 8F3BD9EF23D878A500DE541C /* AppDelegate.swift */; };
		8F3BD9F223D878A500DE541C /* SceneDelegate.swift in Sources */ = {isa = PBXBuildFile; fileRef = 8F3BD9F123D878A500DE541C /* SceneDelegate.swift */; };
		8F3BD9F423D878A500DE541C /* ViewController.swift in Sources */ = {isa = PBXBuildFile; fileRef = 8F3BD9F323D878A500DE541C /* ViewController.swift */; };
		8F3BD9F723D878A500DE541C /* Main.storyboard in Resources */ = {isa = PBXBuildFile; fileRef = 8F3BD9F523D878A500DE541C /* Main.storyboard */; };
		8F3BD9F923D878A600DE541C /* Assets.xcassets in Resources */ = {isa = PBXBuildFile; fileRef = 8F3BD9F823D878A600DE541C /* Assets.xcassets */; };
		8F3BD9FC23D878A600DE541C /* LaunchScreen.storyboard in Resources */ = {isa = PBXBuildFile; fileRef = 8F3BD9FA23D878A600DE541C /* LaunchScreen.storyboard */; };
		8F3BDA0A23D878C800DE541C /* KeyboardViewController.swift in Sources */ = {isa = PBXBuildFile; fileRef = 8F3BDA0923D878C800DE541C /* KeyboardViewController.swift */; };
		8F3BDA0E23D878C800DE541C /* MyKeyboard.appex in Embed App Extensions */ = {isa = PBXBuildFile; fileRef = 8F3BDA0723D878C800DE541C /* MyKeyboard.appex */; settings = {ATTRIBUTES = (RemoveHeadersOnCopy, ); }; };
		8F454BBA23D87A4800E4B696 /* DemoKeyboardActionHandler.swift in Sources */ = {isa = PBXBuildFile; fileRef = 8F454BB923D87A4800E4B696 /* DemoKeyboardActionHandler.swift */; };
		8F454BBC23D87A6600E4B696 /* KeyboardViewController+Setup.swift in Sources */ = {isa = PBXBuildFile; fileRef = 8F454BBB23D87A6600E4B696 /* KeyboardViewController+Setup.swift */; };
		8F454BBE23D87A9D00E4B696 /* KeyboardManager.swift in Sources */ = {isa = PBXBuildFile; fileRef = 8F454BBD23D87A9D00E4B696 /* KeyboardManager.swift */; };
		8F454BC023D87B4F00E4B696 /* AlphabeticKeyboard.swift in Sources */ = {isa = PBXBuildFile; fileRef = 8F454BBF23D87B4F00E4B696 /* AlphabeticKeyboard.swift */; };
		8F454BC223D87B8000E4B696 /* KeyboardViewController+Buttons.swift in Sources */ = {isa = PBXBuildFile; fileRef = 8F454BC123D87B8000E4B696 /* KeyboardViewController+Buttons.swift */; };
		8F454BC423D87B9400E4B696 /* NumericKeyboard.swift in Sources */ = {isa = PBXBuildFile; fileRef = 8F454BC323D87B9400E4B696 /* NumericKeyboard.swift */; };
		8F454BC623D87BA400E4B696 /* SymbolicKeyboard.swift in Sources */ = {isa = PBXBuildFile; fileRef = 8F454BC523D87BA400E4B696 /* SymbolicKeyboard.swift */; };
		8F454BC823D87BBD00E4B696 /* DemoKeyboard.swift in Sources */ = {isa = PBXBuildFile; fileRef = 8F454BC723D87BBC00E4B696 /* DemoKeyboard.swift */; };
		8F454BCD23D87C1100E4B696 /* DemoButton.swift in Sources */ = {isa = PBXBuildFile; fileRef = 8F454BCA23D87C1100E4B696 /* DemoButton.swift */; };
		8F454BCE23D87C1100E4B696 /* DemoButton.xib in Resources */ = {isa = PBXBuildFile; fileRef = 8F454BCB23D87C1100E4B696 /* DemoButton.xib */; };
		8F454BCF23D87C1100E4B696 /* DemoAutocompleteLabel.swift in Sources */ = {isa = PBXBuildFile; fileRef = 8F454BCC23D87C1100E4B696 /* DemoAutocompleteLabel.swift */; };
		8F454BD123D87C3C00E4B696 /* Assets.swift in Sources */ = {isa = PBXBuildFile; fileRef = 8F454BD023D87C3C00E4B696 /* Assets.swift */; };
		8F454BD223D87C5300E4B696 /* Assets.swift in Sources */ = {isa = PBXBuildFile; fileRef = 8F454BD023D87C3C00E4B696 /* Assets.swift */; };
		8F454BD523D87F7300E4B696 /* Images.xcassets in Resources */ = {isa = PBXBuildFile; fileRef = 8F454BD323D87F7300E4B696 /* Images.xcassets */; };
		8F454BD623D87F7300E4B696 /* Images.xcassets in Resources */ = {isa = PBXBuildFile; fileRef = 8F454BD323D87F7300E4B696 /* Images.xcassets */; };
		8F454BD723D87F7300E4B696 /* Colors.xcassets in Resources */ = {isa = PBXBuildFile; fileRef = 8F454BD423D87F7300E4B696 /* Colors.xcassets */; };
		8F454BD823D87F7300E4B696 /* Colors.xcassets in Resources */ = {isa = PBXBuildFile; fileRef = 8F454BD423D87F7300E4B696 /* Colors.xcassets */; };
		8F454BDC23D883B200E4B696 /* FontKeyoboardModel.swift in Sources */ = {isa = PBXBuildFile; fileRef = 8F454BDB23D883B200E4B696 /* FontKeyoboardModel.swift */; };
		8F454BDD23D883B200E4B696 /* FontKeyoboardModel.swift in Sources */ = {isa = PBXBuildFile; fileRef = 8F454BDB23D883B200E4B696 /* FontKeyoboardModel.swift */; };
		8F7B997123D9B90F0093C072 /* SubscribeButton.xib in Resources */ = {isa = PBXBuildFile; fileRef = 8F7B997023D9B90F0093C072 /* SubscribeButton.xib */; };
		D972BEDF3FF90693355B264A /* Pods_MyKeyboard.framework in Frameworks */ = {isa = PBXBuildFile; fileRef = 80E4E8592A045920483A2A1A /* Pods_MyKeyboard.framework */; };
/* End PBXBuildFile section */

/* Begin PBXContainerItemProxy section */
		8F3BDA0C23D878C800DE541C /* PBXContainerItemProxy */ = {
			isa = PBXContainerItemProxy;
			containerPortal = 8F3BD9E423D878A500DE541C /* Project object */;
			proxyType = 1;
			remoteGlobalIDString = 8F3BDA0623D878C800DE541C;
			remoteInfo = MyKeyboard;
		};
/* End PBXContainerItemProxy section */

/* Begin PBXCopyFilesBuildPhase section */
		8F3BDA1223D878C800DE541C /* Embed App Extensions */ = {
			isa = PBXCopyFilesBuildPhase;
			buildActionMask = 2147483647;
			dstPath = "";
			dstSubfolderSpec = 13;
			files = (
				8F3BDA0E23D878C800DE541C /* MyKeyboard.appex in Embed App Extensions */,
			);
			name = "Embed App Extensions";
			runOnlyForDeploymentPostprocessing = 0;
		};
/* End PBXCopyFilesBuildPhase section */

/* Begin PBXFileReference section */
		36E476A4BE1FEC61CD738FDB /* Pods_MyFonts.framework */ = {isa = PBXFileReference; explicitFileType = wrapper.framework; includeInIndex = 0; path = Pods_MyFonts.framework; sourceTree = BUILT_PRODUCTS_DIR; };
		51FF1FF01A6BB87F3962AC72 /* Pods-MyFonts.release.xcconfig */ = {isa = PBXFileReference; includeInIndex = 1; lastKnownFileType = text.xcconfig; name = "Pods-MyFonts.release.xcconfig"; path = "Target Support Files/Pods-MyFonts/Pods-MyFonts.release.xcconfig"; sourceTree = "<group>"; };
		63F12F0D921C870675DCCF71 /* Pods-MyKeyboard.release.xcconfig */ = {isa = PBXFileReference; includeInIndex = 1; lastKnownFileType = text.xcconfig; name = "Pods-MyKeyboard.release.xcconfig"; path = "Target Support Files/Pods-MyKeyboard/Pods-MyKeyboard.release.xcconfig"; sourceTree = "<group>"; };
		80E4E8592A045920483A2A1A /* Pods_MyKeyboard.framework */ = {isa = PBXFileReference; explicitFileType = wrapper.framework; includeInIndex = 0; path = Pods_MyKeyboard.framework; sourceTree = BUILT_PRODUCTS_DIR; };
		8F3BD9EC23D878A500DE541C /* MyFonts.app */ = {isa = PBXFileReference; explicitFileType = wrapper.application; includeInIndex = 0; path = MyFonts.app; sourceTree = BUILT_PRODUCTS_DIR; };
		8F3BD9EF23D878A500DE541C /* AppDelegate.swift */ = {isa = PBXFileReference; lastKnownFileType = sourcecode.swift; path = AppDelegate.swift; sourceTree = "<group>"; };
		8F3BD9F123D878A500DE541C /* SceneDelegate.swift */ = {isa = PBXFileReference; lastKnownFileType = sourcecode.swift; path = SceneDelegate.swift; sourceTree = "<group>"; };
		8F3BD9F323D878A500DE541C /* ViewController.swift */ = {isa = PBXFileReference; lastKnownFileType = sourcecode.swift; path = ViewController.swift; sourceTree = "<group>"; };
		8F3BD9F623D878A500DE541C /* Base */ = {isa = PBXFileReference; lastKnownFileType = file.storyboard; name = Base; path = Base.lproj/Main.storyboard; sourceTree = "<group>"; };
		8F3BD9F823D878A600DE541C /* Assets.xcassets */ = {isa = PBXFileReference; lastKnownFileType = folder.assetcatalog; path = Assets.xcassets; sourceTree = "<group>"; };
		8F3BD9FB23D878A600DE541C /* Base */ = {isa = PBXFileReference; lastKnownFileType = file.storyboard; name = Base; path = Base.lproj/LaunchScreen.storyboard; sourceTree = "<group>"; };
		8F3BD9FD23D878A600DE541C /* Info.plist */ = {isa = PBXFileReference; lastKnownFileType = text.plist.xml; path = Info.plist; sourceTree = "<group>"; };
		8F3BDA0723D878C800DE541C /* MyKeyboard.appex */ = {isa = PBXFileReference; explicitFileType = "wrapper.app-extension"; includeInIndex = 0; path = MyKeyboard.appex; sourceTree = BUILT_PRODUCTS_DIR; };
		8F3BDA0923D878C800DE541C /* KeyboardViewController.swift */ = {isa = PBXFileReference; lastKnownFileType = sourcecode.swift; path = KeyboardViewController.swift; sourceTree = "<group>"; };
		8F3BDA0B23D878C800DE541C /* Info.plist */ = {isa = PBXFileReference; lastKnownFileType = text.plist.xml; path = Info.plist; sourceTree = "<group>"; };
		8F454BB923D87A4800E4B696 /* DemoKeyboardActionHandler.swift */ = {isa = PBXFileReference; fileEncoding = 4; lastKnownFileType = sourcecode.swift; path = DemoKeyboardActionHandler.swift; sourceTree = "<group>"; };
		8F454BBB23D87A6600E4B696 /* KeyboardViewController+Setup.swift */ = {isa = PBXFileReference; fileEncoding = 4; lastKnownFileType = sourcecode.swift; path = "KeyboardViewController+Setup.swift"; sourceTree = "<group>"; };
		8F454BBD23D87A9D00E4B696 /* KeyboardManager.swift */ = {isa = PBXFileReference; fileEncoding = 4; lastKnownFileType = sourcecode.swift; path = KeyboardManager.swift; sourceTree = "<group>"; };
		8F454BBF23D87B4F00E4B696 /* AlphabeticKeyboard.swift */ = {isa = PBXFileReference; fileEncoding = 4; lastKnownFileType = sourcecode.swift; path = AlphabeticKeyboard.swift; sourceTree = "<group>"; };
		8F454BC123D87B8000E4B696 /* KeyboardViewController+Buttons.swift */ = {isa = PBXFileReference; fileEncoding = 4; lastKnownFileType = sourcecode.swift; path = "KeyboardViewController+Buttons.swift"; sourceTree = "<group>"; };
		8F454BC323D87B9400E4B696 /* NumericKeyboard.swift */ = {isa = PBXFileReference; fileEncoding = 4; lastKnownFileType = sourcecode.swift; path = NumericKeyboard.swift; sourceTree = "<group>"; };
		8F454BC523D87BA400E4B696 /* SymbolicKeyboard.swift */ = {isa = PBXFileReference; fileEncoding = 4; lastKnownFileType = sourcecode.swift; path = SymbolicKeyboard.swift; sourceTree = "<group>"; };
		8F454BC723D87BBC00E4B696 /* DemoKeyboard.swift */ = {isa = PBXFileReference; fileEncoding = 4; lastKnownFileType = sourcecode.swift; path = DemoKeyboard.swift; sourceTree = "<group>"; };
		8F454BCA23D87C1100E4B696 /* DemoButton.swift */ = {isa = PBXFileReference; fileEncoding = 4; lastKnownFileType = sourcecode.swift; path = DemoButton.swift; sourceTree = "<group>"; };
		8F454BCB23D87C1100E4B696 /* DemoButton.xib */ = {isa = PBXFileReference; fileEncoding = 4; lastKnownFileType = file.xib; path = DemoButton.xib; sourceTree = "<group>"; };
		8F454BCC23D87C1100E4B696 /* DemoAutocompleteLabel.swift */ = {isa = PBXFileReference; fileEncoding = 4; lastKnownFileType = sourcecode.swift; path = DemoAutocompleteLabel.swift; sourceTree = "<group>"; };
		8F454BD023D87C3C00E4B696 /* Assets.swift */ = {isa = PBXFileReference; fileEncoding = 4; lastKnownFileType = sourcecode.swift; path = Assets.swift; sourceTree = "<group>"; };
		8F454BD323D87F7300E4B696 /* Images.xcassets */ = {isa = PBXFileReference; lastKnownFileType = folder.assetcatalog; path = Images.xcassets; sourceTree = "<group>"; };
		8F454BD423D87F7300E4B696 /* Colors.xcassets */ = {isa = PBXFileReference; lastKnownFileType = folder.assetcatalog; path = Colors.xcassets; sourceTree = "<group>"; };
		8F454BDB23D883B200E4B696 /* FontKeyoboardModel.swift */ = {isa = PBXFileReference; lastKnownFileType = sourcecode.swift; path = FontKeyoboardModel.swift; sourceTree = "<group>"; };
		8F7B997023D9B90F0093C072 /* SubscribeButton.xib */ = {isa = PBXFileReference; lastKnownFileType = file.xib; path = SubscribeButton.xib; sourceTree = "<group>"; };
		DE96F19AB24D1CA3DD5CEDD7 /* Pods-MyFonts.debug.xcconfig */ = {isa = PBXFileReference; includeInIndex = 1; lastKnownFileType = text.xcconfig; name = "Pods-MyFonts.debug.xcconfig"; path = "Target Support Files/Pods-MyFonts/Pods-MyFonts.debug.xcconfig"; sourceTree = "<group>"; };
		F6893AAF9EB5C45D76383BFD /* Pods-MyKeyboard.debug.xcconfig */ = {isa = PBXFileReference; includeInIndex = 1; lastKnownFileType = text.xcconfig; name = "Pods-MyKeyboard.debug.xcconfig"; path = "Target Support Files/Pods-MyKeyboard/Pods-MyKeyboard.debug.xcconfig"; sourceTree = "<group>"; };
/* End PBXFileReference section */

/* Begin PBXFrameworksBuildPhase section */
		8F3BD9E923D878A500DE541C /* Frameworks */ = {
			isa = PBXFrameworksBuildPhase;
			buildActionMask = 2147483647;
			files = (
				2CD6D4975D655F14AC785DB3 /* Pods_MyFonts.framework in Frameworks */,
			);
			runOnlyForDeploymentPostprocessing = 0;
		};
		8F3BDA0423D878C800DE541C /* Frameworks */ = {
			isa = PBXFrameworksBuildPhase;
			buildActionMask = 2147483647;
			files = (
				D972BEDF3FF90693355B264A /* Pods_MyKeyboard.framework in Frameworks */,
			);
			runOnlyForDeploymentPostprocessing = 0;
		};
/* End PBXFrameworksBuildPhase section */

/* Begin PBXGroup section */
		04D673BFFCCC25D4B20E510A /* Pods */ = {
			isa = PBXGroup;
			children = (
				DE96F19AB24D1CA3DD5CEDD7 /* Pods-MyFonts.debug.xcconfig */,
				51FF1FF01A6BB87F3962AC72 /* Pods-MyFonts.release.xcconfig */,
				F6893AAF9EB5C45D76383BFD /* Pods-MyKeyboard.debug.xcconfig */,
				63F12F0D921C870675DCCF71 /* Pods-MyKeyboard.release.xcconfig */,
			);
			path = Pods;
			sourceTree = "<group>";
		};
		38A0F262875713028917483C /* Frameworks */ = {
			isa = PBXGroup;
			children = (
				36E476A4BE1FEC61CD738FDB /* Pods_MyFonts.framework */,
				80E4E8592A045920483A2A1A /* Pods_MyKeyboard.framework */,
			);
			name = Frameworks;
			sourceTree = "<group>";
		};
		8F3BD9E323D878A500DE541C = {
			isa = PBXGroup;
			children = (
				8F3BD9EE23D878A500DE541C /* MyFonts */,
				8F3BDA0823D878C800DE541C /* MyKeyboard */,
				8F3BD9ED23D878A500DE541C /* Products */,
				04D673BFFCCC25D4B20E510A /* Pods */,
				38A0F262875713028917483C /* Frameworks */,
			);
			sourceTree = "<group>";
		};
		8F3BD9ED23D878A500DE541C /* Products */ = {
			isa = PBXGroup;
			children = (
				8F3BD9EC23D878A500DE541C /* MyFonts.app */,
				8F3BDA0723D878C800DE541C /* MyKeyboard.appex */,
			);
			name = Products;
			sourceTree = "<group>";
		};
		8F3BD9EE23D878A500DE541C /* MyFonts */ = {
			isa = PBXGroup;
			children = (
				8F454BD923D8837F00E4B696 /* Shared */,
				8F454BD023D87C3C00E4B696 /* Assets.swift */,
				8F3BD9EF23D878A500DE541C /* AppDelegate.swift */,
				8F3BD9F123D878A500DE541C /* SceneDelegate.swift */,
				8F3BD9F323D878A500DE541C /* ViewController.swift */,
				8F3BD9F523D878A500DE541C /* Main.storyboard */,
				8F454BD423D87F7300E4B696 /* Colors.xcassets */,
				8F454BD323D87F7300E4B696 /* Images.xcassets */,
				8F3BD9F823D878A600DE541C /* Assets.xcassets */,
				8F3BD9FA23D878A600DE541C /* LaunchScreen.storyboard */,
				8F3BD9FD23D878A600DE541C /* Info.plist */,
			);
			path = MyFonts;
			sourceTree = "<group>";
		};
		8F3BDA0823D878C800DE541C /* MyKeyboard */ = {
			isa = PBXGroup;
			children = (
				8F454BC923D87C1100E4B696 /* Buttons */,
				8F454BC723D87BBC00E4B696 /* DemoKeyboard.swift */,
				8F454BBF23D87B4F00E4B696 /* AlphabeticKeyboard.swift */,
				8F454BC323D87B9400E4B696 /* NumericKeyboard.swift */,
				8F454BC523D87BA400E4B696 /* SymbolicKeyboard.swift */,
				8F454BB923D87A4800E4B696 /* DemoKeyboardActionHandler.swift */,
				8F3BDA0923D878C800DE541C /* KeyboardViewController.swift */,
				8F454BBB23D87A6600E4B696 /* KeyboardViewController+Setup.swift */,
				8F454BC123D87B8000E4B696 /* KeyboardViewController+Buttons.swift */,
				8F454BBD23D87A9D00E4B696 /* KeyboardManager.swift */,
				8F3BDA0B23D878C800DE541C /* Info.plist */,
			);
			path = MyKeyboard;
			sourceTree = "<group>";
		};
		8F454BC923D87C1100E4B696 /* Buttons */ = {
			isa = PBXGroup;
			children = (
				8F7B997023D9B90F0093C072 /* SubscribeButton.xib */,
				8F454BCA23D87C1100E4B696 /* DemoButton.swift */,
				8F454BCB23D87C1100E4B696 /* DemoButton.xib */,
				8F454BCC23D87C1100E4B696 /* DemoAutocompleteLabel.swift */,
			);
			path = Buttons;
			sourceTree = "<group>";
		};
		8F454BD923D8837F00E4B696 /* Shared */ = {
			isa = PBXGroup;
			children = (
				8F454BDA23D8838900E4B696 /* Models */,
			);
			path = Shared;
			sourceTree = "<group>";
		};
		8F454BDA23D8838900E4B696 /* Models */ = {
			isa = PBXGroup;
			children = (
				8F454BDB23D883B200E4B696 /* FontKeyoboardModel.swift */,
			);
			path = Models;
			sourceTree = "<group>";
		};
/* End PBXGroup section */

/* Begin PBXNativeTarget section */
		8F3BD9EB23D878A500DE541C /* MyFonts */ = {
			isa = PBXNativeTarget;
			buildConfigurationList = 8F3BDA0023D878A600DE541C /* Build configuration list for PBXNativeTarget "MyFonts" */;
			buildPhases = (
				F07019FD8614619F805A5914 /* [CP] Check Pods Manifest.lock */,
				8F3BD9E823D878A500DE541C /* Sources */,
				8F3BD9E923D878A500DE541C /* Frameworks */,
				8F3BD9EA23D878A500DE541C /* Resources */,
				8F3BDA1223D878C800DE541C /* Embed App Extensions */,
				0E47F31780686192F2E94D3F /* [CP] Embed Pods Frameworks */,
			);
			buildRules = (
			);
			dependencies = (
				8F3BDA0D23D878C800DE541C /* PBXTargetDependency */,
			);
			name = MyFonts;
			productName = MyFonts;
			productReference = 8F3BD9EC23D878A500DE541C /* MyFonts.app */;
			productType = "com.apple.product-type.application";
		};
		8F3BDA0623D878C800DE541C /* MyKeyboard */ = {
			isa = PBXNativeTarget;
			buildConfigurationList = 8F3BDA0F23D878C800DE541C /* Build configuration list for PBXNativeTarget "MyKeyboard" */;
			buildPhases = (
				ADB54BAB8818311E8F278417 /* [CP] Check Pods Manifest.lock */,
				8F3BDA0323D878C800DE541C /* Sources */,
				8F3BDA0423D878C800DE541C /* Frameworks */,
				8F3BDA0523D878C800DE541C /* Resources */,
			);
			buildRules = (
			);
			dependencies = (
			);
			name = MyKeyboard;
			productName = MyKeyboard;
			productReference = 8F3BDA0723D878C800DE541C /* MyKeyboard.appex */;
			productType = "com.apple.product-type.app-extension";
		};
/* End PBXNativeTarget section */

/* Begin PBXProject section */
		8F3BD9E423D878A500DE541C /* Project object */ = {
			isa = PBXProject;
			attributes = {
				LastSwiftUpdateCheck = 1110;
				LastUpgradeCheck = 1110;
				ORGANIZATIONNAME = Irakli;
				TargetAttributes = {
					8F3BD9EB23D878A500DE541C = {
						CreatedOnToolsVersion = 11.1;
					};
					8F3BDA0623D878C800DE541C = {
						CreatedOnToolsVersion = 11.1;
					};
				};
			};
			buildConfigurationList = 8F3BD9E723D878A500DE541C /* Build configuration list for PBXProject "MyFonts" */;
			compatibilityVersion = "Xcode 9.3";
			developmentRegion = en;
			hasScannedForEncodings = 0;
			knownRegions = (
				en,
				Base,
			);
			mainGroup = 8F3BD9E323D878A500DE541C;
			productRefGroup = 8F3BD9ED23D878A500DE541C /* Products */;
			projectDirPath = "";
			projectRoot = "";
			targets = (
				8F3BD9EB23D878A500DE541C /* MyFonts */,
				8F3BDA0623D878C800DE541C /* MyKeyboard */,
			);
		};
/* End PBXProject section */

/* Begin PBXResourcesBuildPhase section */
		8F3BD9EA23D878A500DE541C /* Resources */ = {
			isa = PBXResourcesBuildPhase;
			buildActionMask = 2147483647;
			files = (
				8F454BD723D87F7300E4B696 /* Colors.xcassets in Resources */,
				8F3BD9FC23D878A600DE541C /* LaunchScreen.storyboard in Resources */,
				8F454BD523D87F7300E4B696 /* Images.xcassets in Resources */,
				8F3BD9F923D878A600DE541C /* Assets.xcassets in Resources */,
				8F3BD9F723D878A500DE541C /* Main.storyboard in Resources */,
			);
			runOnlyForDeploymentPostprocessing = 0;
		};
		8F3BDA0523D878C800DE541C /* Resources */ = {
			isa = PBXResourcesBuildPhase;
			buildActionMask = 2147483647;
			files = (
				8F454BD823D87F7300E4B696 /* Colors.xcassets in Resources */,
				8F454BCE23D87C1100E4B696 /* DemoButton.xib in Resources */,
				8F7B997123D9B90F0093C072 /* SubscribeButton.xib in Resources */,
				8F454BD623D87F7300E4B696 /* Images.xcassets in Resources */,
			);
			runOnlyForDeploymentPostprocessing = 0;
		};
/* End PBXResourcesBuildPhase section */

/* Begin PBXShellScriptBuildPhase section */
		0E47F31780686192F2E94D3F /* [CP] Embed Pods Frameworks */ = {
			isa = PBXShellScriptBuildPhase;
			buildActionMask = 2147483647;
			files = (
			);
			inputFileListPaths = (
				"${PODS_ROOT}/Target Support Files/Pods-MyFonts/Pods-MyFonts-frameworks-${CONFIGURATION}-input-files.xcfilelist",
			);
			name = "[CP] Embed Pods Frameworks";
			outputFileListPaths = (
				"${PODS_ROOT}/Target Support Files/Pods-MyFonts/Pods-MyFonts-frameworks-${CONFIGURATION}-output-files.xcfilelist",
			);
			runOnlyForDeploymentPostprocessing = 0;
			shellPath = /bin/sh;
			shellScript = "\"${PODS_ROOT}/Target Support Files/Pods-MyFonts/Pods-MyFonts-frameworks.sh\"\n";
			showEnvVarsInLog = 0;
		};
		ADB54BAB8818311E8F278417 /* [CP] Check Pods Manifest.lock */ = {
			isa = PBXShellScriptBuildPhase;
			buildActionMask = 2147483647;
			files = (
			);
			inputFileListPaths = (
			);
			inputPaths = (
				"${PODS_PODFILE_DIR_PATH}/Podfile.lock",
				"${PODS_ROOT}/Manifest.lock",
			);
			name = "[CP] Check Pods Manifest.lock";
			outputFileListPaths = (
			);
			outputPaths = (
				"$(DERIVED_FILE_DIR)/Pods-MyKeyboard-checkManifestLockResult.txt",
			);
			runOnlyForDeploymentPostprocessing = 0;
			shellPath = /bin/sh;
			shellScript = "diff \"${PODS_PODFILE_DIR_PATH}/Podfile.lock\" \"${PODS_ROOT}/Manifest.lock\" > /dev/null\nif [ $? != 0 ] ; then\n    # print error to STDERR\n    echo \"error: The sandbox is not in sync with the Podfile.lock. Run 'pod install' or update your CocoaPods installation.\" >&2\n    exit 1\nfi\n# This output is used by Xcode 'outputs' to avoid re-running this script phase.\necho \"SUCCESS\" > \"${SCRIPT_OUTPUT_FILE_0}\"\n";
			showEnvVarsInLog = 0;
		};
		F07019FD8614619F805A5914 /* [CP] Check Pods Manifest.lock */ = {
			isa = PBXShellScriptBuildPhase;
			buildActionMask = 2147483647;
			files = (
			);
			inputFileListPaths = (
			);
			inputPaths = (
				"${PODS_PODFILE_DIR_PATH}/Podfile.lock",
				"${PODS_ROOT}/Manifest.lock",
			);
			name = "[CP] Check Pods Manifest.lock";
			outputFileListPaths = (
			);
			outputPaths = (
				"$(DERIVED_FILE_DIR)/Pods-MyFonts-checkManifestLockResult.txt",
			);
			runOnlyForDeploymentPostprocessing = 0;
			shellPath = /bin/sh;
			shellScript = "diff \"${PODS_PODFILE_DIR_PATH}/Podfile.lock\" \"${PODS_ROOT}/Manifest.lock\" > /dev/null\nif [ $? != 0 ] ; then\n    # print error to STDERR\n    echo \"error: The sandbox is not in sync with the Podfile.lock. Run 'pod install' or update your CocoaPods installation.\" >&2\n    exit 1\nfi\n# This output is used by Xcode 'outputs' to avoid re-running this script phase.\necho \"SUCCESS\" > \"${SCRIPT_OUTPUT_FILE_0}\"\n";
			showEnvVarsInLog = 0;
		};
/* End PBXShellScriptBuildPhase section */

/* Begin PBXSourcesBuildPhase section */
		8F3BD9E823D878A500DE541C /* Sources */ = {
			isa = PBXSourcesBuildPhase;
			buildActionMask = 2147483647;
			files = (
				8F3BD9F423D878A500DE541C /* ViewController.swift in Sources */,
				8F3BD9F023D878A500DE541C /* AppDelegate.swift in Sources */,
				8F454BD123D87C3C00E4B696 /* Assets.swift in Sources */,
				8F3BD9F223D878A500DE541C /* SceneDelegate.swift in Sources */,
				8F454BDC23D883B200E4B696 /* FontKeyoboardModel.swift in Sources */,
			);
			runOnlyForDeploymentPostprocessing = 0;
		};
		8F3BDA0323D878C800DE541C /* Sources */ = {
			isa = PBXSourcesBuildPhase;
			buildActionMask = 2147483647;
			files = (
				8F454BC023D87B4F00E4B696 /* AlphabeticKeyboard.swift in Sources */,
				8F454BC423D87B9400E4B696 /* NumericKeyboard.swift in Sources */,
				8F454BD223D87C5300E4B696 /* Assets.swift in Sources */,
				8F454BCD23D87C1100E4B696 /* DemoButton.swift in Sources */,
				8F454BC823D87BBD00E4B696 /* DemoKeyboard.swift in Sources */,
				8F454BBE23D87A9D00E4B696 /* KeyboardManager.swift in Sources */,
				8F454BBC23D87A6600E4B696 /* KeyboardViewController+Setup.swift in Sources */,
				8F454BC623D87BA400E4B696 /* SymbolicKeyboard.swift in Sources */,
				8F454BC223D87B8000E4B696 /* KeyboardViewController+Buttons.swift in Sources */,
				8F454BBA23D87A4800E4B696 /* DemoKeyboardActionHandler.swift in Sources */,
				8F454BCF23D87C1100E4B696 /* DemoAutocompleteLabel.swift in Sources */,
				8F454BDD23D883B200E4B696 /* FontKeyoboardModel.swift in Sources */,
				8F3BDA0A23D878C800DE541C /* KeyboardViewController.swift in Sources */,
			);
			runOnlyForDeploymentPostprocessing = 0;
		};
/* End PBXSourcesBuildPhase section */

/* Begin PBXTargetDependency section */
		8F3BDA0D23D878C800DE541C /* PBXTargetDependency */ = {
			isa = PBXTargetDependency;
			target = 8F3BDA0623D878C800DE541C /* MyKeyboard */;
			targetProxy = 8F3BDA0C23D878C800DE541C /* PBXContainerItemProxy */;
		};
/* End PBXTargetDependency section */

/* Begin PBXVariantGroup section */
		8F3BD9F523D878A500DE541C /* Main.storyboard */ = {
			isa = PBXVariantGroup;
			children = (
				8F3BD9F623D878A500DE541C /* Base */,
			);
			name = Main.storyboard;
			sourceTree = "<group>";
		};
		8F3BD9FA23D878A600DE541C /* LaunchScreen.storyboard */ = {
			isa = PBXVariantGroup;
			children = (
				8F3BD9FB23D878A600DE541C /* Base */,
			);
			name = LaunchScreen.storyboard;
			sourceTree = "<group>";
		};
/* End PBXVariantGroup section */

/* Begin XCBuildConfiguration section */
		8F3BD9FE23D878A600DE541C /* Debug */ = {
			isa = XCBuildConfiguration;
			buildSettings = {
				ALWAYS_SEARCH_USER_PATHS = NO;
				CLANG_ANALYZER_NONNULL = YES;
				CLANG_ANALYZER_NUMBER_OBJECT_CONVERSION = YES_AGGRESSIVE;
				CLANG_CXX_LANGUAGE_STANDARD = "gnu++14";
				CLANG_CXX_LIBRARY = "libc++";
				CLANG_ENABLE_MODULES = YES;
				CLANG_ENABLE_OBJC_ARC = YES;
				CLANG_ENABLE_OBJC_WEAK = YES;
				CLANG_WARN_BLOCK_CAPTURE_AUTORELEASING = YES;
				CLANG_WARN_BOOL_CONVERSION = YES;
				CLANG_WARN_COMMA = YES;
				CLANG_WARN_CONSTANT_CONVERSION = YES;
				CLANG_WARN_DEPRECATED_OBJC_IMPLEMENTATIONS = YES;
				CLANG_WARN_DIRECT_OBJC_ISA_USAGE = YES_ERROR;
				CLANG_WARN_DOCUMENTATION_COMMENTS = YES;
				CLANG_WARN_EMPTY_BODY = YES;
				CLANG_WARN_ENUM_CONVERSION = YES;
				CLANG_WARN_INFINITE_RECURSION = YES;
				CLANG_WARN_INT_CONVERSION = YES;
				CLANG_WARN_NON_LITERAL_NULL_CONVERSION = YES;
				CLANG_WARN_OBJC_IMPLICIT_RETAIN_SELF = YES;
				CLANG_WARN_OBJC_LITERAL_CONVERSION = YES;
				CLANG_WARN_OBJC_ROOT_CLASS = YES_ERROR;
				CLANG_WARN_RANGE_LOOP_ANALYSIS = YES;
				CLANG_WARN_STRICT_PROTOTYPES = YES;
				CLANG_WARN_SUSPICIOUS_MOVE = YES;
				CLANG_WARN_UNGUARDED_AVAILABILITY = YES_AGGRESSIVE;
				CLANG_WARN_UNREACHABLE_CODE = YES;
				CLANG_WARN__DUPLICATE_METHOD_MATCH = YES;
				COPY_PHASE_STRIP = NO;
				DEBUG_INFORMATION_FORMAT = dwarf;
				ENABLE_STRICT_OBJC_MSGSEND = YES;
				ENABLE_TESTABILITY = YES;
				GCC_C_LANGUAGE_STANDARD = gnu11;
				GCC_DYNAMIC_NO_PIC = NO;
				GCC_NO_COMMON_BLOCKS = YES;
				GCC_OPTIMIZATION_LEVEL = 0;
				GCC_PREPROCESSOR_DEFINITIONS = (
					"DEBUG=1",
					"$(inherited)",
				);
				GCC_WARN_64_TO_32_BIT_CONVERSION = YES;
				GCC_WARN_ABOUT_RETURN_TYPE = YES_ERROR;
				GCC_WARN_UNDECLARED_SELECTOR = YES;
				GCC_WARN_UNINITIALIZED_AUTOS = YES_AGGRESSIVE;
				GCC_WARN_UNUSED_FUNCTION = YES;
				GCC_WARN_UNUSED_VARIABLE = YES;
				IPHONEOS_DEPLOYMENT_TARGET = 13.1;
				MTL_ENABLE_DEBUG_INFO = INCLUDE_SOURCE;
				MTL_FAST_MATH = YES;
				ONLY_ACTIVE_ARCH = YES;
				SDKROOT = iphoneos;
				SWIFT_ACTIVE_COMPILATION_CONDITIONS = DEBUG;
				SWIFT_OPTIMIZATION_LEVEL = "-Onone";
			};
			name = Debug;
		};
		8F3BD9FF23D878A600DE541C /* Release */ = {
			isa = XCBuildConfiguration;
			buildSettings = {
				ALWAYS_SEARCH_USER_PATHS = NO;
				CLANG_ANALYZER_NONNULL = YES;
				CLANG_ANALYZER_NUMBER_OBJECT_CONVERSION = YES_AGGRESSIVE;
				CLANG_CXX_LANGUAGE_STANDARD = "gnu++14";
				CLANG_CXX_LIBRARY = "libc++";
				CLANG_ENABLE_MODULES = YES;
				CLANG_ENABLE_OBJC_ARC = YES;
				CLANG_ENABLE_OBJC_WEAK = YES;
				CLANG_WARN_BLOCK_CAPTURE_AUTORELEASING = YES;
				CLANG_WARN_BOOL_CONVERSION = YES;
				CLANG_WARN_COMMA = YES;
				CLANG_WARN_CONSTANT_CONVERSION = YES;
				CLANG_WARN_DEPRECATED_OBJC_IMPLEMENTATIONS = YES;
				CLANG_WARN_DIRECT_OBJC_ISA_USAGE = YES_ERROR;
				CLANG_WARN_DOCUMENTATION_COMMENTS = YES;
				CLANG_WARN_EMPTY_BODY = YES;
				CLANG_WARN_ENUM_CONVERSION = YES;
				CLANG_WARN_INFINITE_RECURSION = YES;
				CLANG_WARN_INT_CONVERSION = YES;
				CLANG_WARN_NON_LITERAL_NULL_CONVERSION = YES;
				CLANG_WARN_OBJC_IMPLICIT_RETAIN_SELF = YES;
				CLANG_WARN_OBJC_LITERAL_CONVERSION = YES;
				CLANG_WARN_OBJC_ROOT_CLASS = YES_ERROR;
				CLANG_WARN_RANGE_LOOP_ANALYSIS = YES;
				CLANG_WARN_STRICT_PROTOTYPES = YES;
				CLANG_WARN_SUSPICIOUS_MOVE = YES;
				CLANG_WARN_UNGUARDED_AVAILABILITY = YES_AGGRESSIVE;
				CLANG_WARN_UNREACHABLE_CODE = YES;
				CLANG_WARN__DUPLICATE_METHOD_MATCH = YES;
				COPY_PHASE_STRIP = NO;
				DEBUG_INFORMATION_FORMAT = "dwarf-with-dsym";
				ENABLE_NS_ASSERTIONS = NO;
				ENABLE_STRICT_OBJC_MSGSEND = YES;
				GCC_C_LANGUAGE_STANDARD = gnu11;
				GCC_NO_COMMON_BLOCKS = YES;
				GCC_WARN_64_TO_32_BIT_CONVERSION = YES;
				GCC_WARN_ABOUT_RETURN_TYPE = YES_ERROR;
				GCC_WARN_UNDECLARED_SELECTOR = YES;
				GCC_WARN_UNINITIALIZED_AUTOS = YES_AGGRESSIVE;
				GCC_WARN_UNUSED_FUNCTION = YES;
				GCC_WARN_UNUSED_VARIABLE = YES;
				IPHONEOS_DEPLOYMENT_TARGET = 13.1;
				MTL_ENABLE_DEBUG_INFO = NO;
				MTL_FAST_MATH = YES;
				SDKROOT = iphoneos;
				SWIFT_COMPILATION_MODE = wholemodule;
				SWIFT_OPTIMIZATION_LEVEL = "-O";
				VALIDATE_PRODUCT = YES;
			};
			name = Release;
		};
		8F3BDA0123D878A600DE541C /* Debug */ = {
			isa = XCBuildConfiguration;
			baseConfigurationReference = DE96F19AB24D1CA3DD5CEDD7 /* Pods-MyFonts.debug.xcconfig */;
			buildSettings = {
				ALWAYS_EMBED_SWIFT_STANDARD_LIBRARIES = YES;
				ASSETCATALOG_COMPILER_APPICON_NAME = AppIcon;
				CODE_SIGN_STYLE = Automatic;
				DEVELOPMENT_TEAM = GJM6H6LPAD;
				INFOPLIST_FILE = MyFonts/Info.plist;
				LD_RUNPATH_SEARCH_PATHS = (
					"$(inherited)",
					"@executable_path/Frameworks",
				);
				PRODUCT_BUNDLE_IDENTIFIER = com.iraklishelia.MyFonts;
				PRODUCT_NAME = "$(TARGET_NAME)";
				SWIFT_VERSION = 5.0;
				TARGETED_DEVICE_FAMILY = "1,2";
			};
			name = Debug;
		};
		8F3BDA0223D878A600DE541C /* Release */ = {
			isa = XCBuildConfiguration;
			baseConfigurationReference = 51FF1FF01A6BB87F3962AC72 /* Pods-MyFonts.release.xcconfig */;
			buildSettings = {
				ALWAYS_EMBED_SWIFT_STANDARD_LIBRARIES = YES;
				ASSETCATALOG_COMPILER_APPICON_NAME = AppIcon;
				CODE_SIGN_STYLE = Automatic;
				DEVELOPMENT_TEAM = GJM6H6LPAD;
				INFOPLIST_FILE = MyFonts/Info.plist;
				LD_RUNPATH_SEARCH_PATHS = (
					"$(inherited)",
					"@executable_path/Frameworks",
				);
				PRODUCT_BUNDLE_IDENTIFIER = com.iraklishelia.MyFonts;
				PRODUCT_NAME = "$(TARGET_NAME)";
				SWIFT_VERSION = 5.0;
				TARGETED_DEVICE_FAMILY = "1,2";
			};
			name = Release;
		};
		8F3BDA1023D878C800DE541C /* Debug */ = {
			isa = XCBuildConfiguration;
			baseConfigurationReference = F6893AAF9EB5C45D76383BFD /* Pods-MyKeyboard.debug.xcconfig */;
			buildSettings = {
				CODE_SIGN_STYLE = Automatic;
				DEVELOPMENT_TEAM = GJM6H6LPAD;
				INFOPLIST_FILE = MyKeyboard/Info.plist;
				LD_RUNPATH_SEARCH_PATHS = (
					"$(inherited)",
					"@executable_path/Frameworks",
					"@executable_path/../../Frameworks",
				);
				PRODUCT_BUNDLE_IDENTIFIER = com.iraklishelia.MyFonts.MyKeyboard;
				PRODUCT_NAME = "$(TARGET_NAME)";
				SKIP_INSTALL = YES;
				SWIFT_VERSION = 5.0;
				TARGETED_DEVICE_FAMILY = "1,2";
			};
			name = Debug;
		};
		8F3BDA1123D878C800DE541C /* Release */ = {
			isa = XCBuildConfiguration;
			baseConfigurationReference = 63F12F0D921C870675DCCF71 /* Pods-MyKeyboard.release.xcconfig */;
			buildSettings = {
				CODE_SIGN_STYLE = Automatic;
				DEVELOPMENT_TEAM = GJM6H6LPAD;
				INFOPLIST_FILE = MyKeyboard/Info.plist;
				LD_RUNPATH_SEARCH_PATHS = (
					"$(inherited)",
					"@executable_path/Frameworks",
					"@executable_path/../../Frameworks",
				);
				PRODUCT_BUNDLE_IDENTIFIER = com.iraklishelia.MyFonts.MyKeyboard;
				PRODUCT_NAME = "$(TARGET_NAME)";
				SKIP_INSTALL = YES;
				SWIFT_VERSION = 5.0;
				TARGETED_DEVICE_FAMILY = "1,2";
			};
			name = Release;
		};
/* End XCBuildConfiguration section */

/* Begin XCConfigurationList section */
		8F3BD9E723D878A500DE541C /* Build configuration list for PBXProject "MyFonts" */ = {
			isa = XCConfigurationList;
			buildConfigurations = (
				8F3BD9FE23D878A600DE541C /* Debug */,
				8F3BD9FF23D878A600DE541C /* Release */,
			);
			defaultConfigurationIsVisible = 0;
			defaultConfigurationName = Release;
		};
		8F3BDA0023D878A600DE541C /* Build configuration list for PBXNativeTarget "MyFonts" */ = {
			isa = XCConfigurationList;
			buildConfigurations = (
				8F3BDA0123D878A600DE541C /* Debug */,
				8F3BDA0223D878A600DE541C /* Release */,
			);
			defaultConfigurationIsVisible = 0;
			defaultConfigurationName = Release;
		};
		8F3BDA0F23D878C800DE541C /* Build configuration list for PBXNativeTarget "MyKeyboard" */ = {
			isa = XCConfigurationList;
			buildConfigurations = (
				8F3BDA1023D878C800DE541C /* Debug */,
				8F3BDA1123D878C800DE541C /* Release */,
			);
			defaultConfigurationIsVisible = 0;
			defaultConfigurationName = Release;
		};
/* End XCConfigurationList section */
	};
	rootObject = 8F3BD9E423D878A500DE541C /* Project object */;
}
